{
  "nodes": {
    "agda": {
      "inputs": {
        "flake-utils": [
          "cornelis",
          "flake-utils"
        ],
        "nixpkgs": [
          "cornelis",
          "nixpkgs"
        ]
      },
      "locked": {
        "lastModified": 1676292415,
        "narHash": "sha256-HEWxwLLZB7yAAa4QROH60yHMXgUDMJG6DvZaF1ho26w=",
        "owner": "agda",
        "repo": "agda",
        "rev": "8d4416a462719bffbf21617b9f2fa00234e185ac",
        "type": "github"
      },
      "original": {
        "owner": "agda",
        "repo": "agda",
        "rev": "8d4416a462719bffbf21617b9f2fa00234e185ac",
        "type": "github"
      }
    },
    "agda-stdlib-source": {
      "flake": false,
      "locked": {
        "lastModified": 1675217091,
        "narHash": "sha256-vvbyfC5+Yyx18IDikSbAAcTHHtU6krlz45Fd2YlwsBg=",
        "owner": "agda",
        "repo": "agda-stdlib",
        "rev": "b2e6385c1636897dbee0b10f7194376ff2c1753b",
        "type": "github"
      },
      "original": {
        "owner": "agda",
        "ref": "v1.7.2",
        "repo": "agda-stdlib",
        "type": "github"
      }
    },
    "blamer-nvim-src": {
      "flake": false,
      "locked": {
        "lastModified": 1637136495,
        "narHash": "sha256-etLCmzOMi7xjYc43ZBqjPnj2gqrrSbmtcKdw6eZT8rM=",
        "owner": "APZelos",
        "repo": "blamer.nvim",
        "rev": "f4eb22a9013642c411725fdda945ae45f8d93181",
        "type": "github"
      },
      "original": {
        "owner": "APZelos",
        "repo": "blamer.nvim",
        "type": "github"
      }
    },
    "chatgpt-nvim-src": {
      "flake": false,
      "locked": {
        "lastModified": 1682589252,
        "narHash": "sha256-O+TEkMWmxqXheKXavafnIKAt2bRnFHN6cjM2N4Jfzl4=",
        "owner": "jackMort",
        "repo": "ChatGPT.nvim",
        "rev": "8f1f3622f4a88550c4d74e0eb9985d76ed588a25",
        "type": "github"
      },
      "original": {
        "owner": "jackMort",
        "repo": "ChatGPT.nvim",
        "type": "github"
      }
    },
    "cmp-buffer": {
      "flake": false,
      "locked": {
        "lastModified": 1660101488,
        "narHash": "sha256-dG4U7MtnXThoa/PD+qFtCt76MQ14V1wX8GMYcvxEnbM=",
        "owner": "hrsh7th",
        "repo": "cmp-buffer",
        "rev": "3022dbc9166796b644a841a02de8dd1cc1d311fa",
        "type": "github"
      },
      "original": {
        "owner": "hrsh7th",
        "repo": "cmp-buffer",
        "type": "github"
      }
    },
    "cmp-dap-src": {
      "flake": false,
      "locked": {
        "lastModified": 1668340530,
        "narHash": "sha256-w+gGaZxXjb2B0dMXhfduEQKtO5CmQnuUdh4otpcsFuc=",
        "owner": "rcarriga",
        "repo": "cmp-dap",
        "rev": "d16f14a210cd28988b97ca8339d504533b7e09a4",
        "type": "github"
      },
      "original": {
        "owner": "rcarriga",
        "repo": "cmp-dap",
        "type": "github"
      }
    },
    "cmp-nvim-lsp": {
      "flake": false,
      "locked": {
        "lastModified": 1675708067,
        "narHash": "sha256-DxpcPTBlvVP88PDoTheLV2fC76EXDqS2UpM5mAfj/D4=",
        "owner": "hrsh7th",
        "repo": "cmp-nvim-lsp",
        "rev": "0e6b2ed705ddcff9738ec4ea838141654f12eeef",
        "type": "github"
      },
      "original": {
        "owner": "hrsh7th",
        "repo": "cmp-nvim-lsp",
        "type": "github"
      }
    },
    "codeium-nvim-src": {
      "flake": false,
      "locked": {
        "lastModified": 1682561865,
        "narHash": "sha256-RZWNiPC0Km6Tz3Yh4yICkFmEn1MPdAxyHbpO0KFQwuM=",
        "owner": "jcdickinson",
        "repo": "codeium.nvim",
        "rev": "d9f969cdf415c18465bf5b7d5f88e4bbccc46c74",
        "type": "github"
      },
      "original": {
        "owner": "jcdickinson",
        "repo": "codeium.nvim",
        "type": "github"
      }
    },
    "colorizer-src": {
      "flake": false,
      "locked": {
        "lastModified": 1554648757,
        "narHash": "sha256-N7UVzk/XUX76XcPHds+lLMZzO7gahj/9LIfof2BPThc=",
        "owner": "powerman",
        "repo": "vim-plugin-AnsiEsc",
        "rev": "690f820d20b6e3a79ba20499874eb7333aa4ca5c",
        "type": "github"
      },
      "original": {
        "owner": "powerman",
        "repo": "vim-plugin-AnsiEsc",
        "type": "github"
      }
    },
    "comment-nvim-src": {
      "flake": false,
      "locked": {
        "lastModified": 1681289112,
        "narHash": "sha256-Zrxf50YlAaCERZFAbg4Ece+wI4buHl+K2IIw0qpASGA=",
        "owner": "numToStr",
        "repo": "Comment.nvim",
        "rev": "a89339ffbee677ab0521a483b6dac7e2e67c907e",
        "type": "github"
      },
      "original": {
        "owner": "numToStr",
        "repo": "Comment.nvim",
        "type": "github"
      }
    },
    "conceal-src": {
      "flake": false,
      "locked": {
        "lastModified": 1478179438,
        "narHash": "sha256-yeId7EXZZl3n/icngGgsj0Db3Gxgq53daby6iq4MpvU=",
        "owner": "ticki",
        "repo": "rust-cute-vim",
        "rev": "ad22be8aece24a792f274e521107fe49c41f9751",
        "type": "github"
      },
      "original": {
        "owner": "ticki",
        "repo": "rust-cute-vim",
        "type": "github"
      }
    },
    "conjure-src": {
      "flake": false,
      "locked": {
        "lastModified": 1681140191,
        "narHash": "sha256-ojxW+Z+hMKvqDF8JxmPZfoUnOO0kDRXtdgBg5ReMLLQ=",
        "owner": "Olical",
        "repo": "conjure",
        "rev": "7625ed9afc689888a743492547b0f1ebbe367faf",
        "type": "github"
      },
      "original": {
        "owner": "Olical",
        "repo": "conjure",
        "type": "github"
      }
    },
    "coq-lsp": {
      "inputs": {
        "coq-serapi": "coq-serapi",
        "flake-compat": "flake-compat",
        "flake-parts": "flake-parts",
        "napalm": "napalm",
        "nixpkgs": "nixpkgs_2",
        "treefmt": "treefmt"
      },
      "locked": {
        "lastModified": 1682504440,
        "narHash": "sha256-MYuBBF08buE4Cpu6we7o23YfTSvNGofFip1ndGogHRw=",
        "ref": "main",
        "rev": "32d63ffa91d6c48451425fd294e6f5190b10681e",
        "revCount": 891,
        "submodules": true,
        "type": "git",
        "url": "https://github.com/ejgallego/coq-lsp"
      },
      "original": {
        "ref": "main",
        "submodules": true,
        "type": "git",
        "url": "https://github.com/ejgallego/coq-lsp"
      }
    },
    "coq-serapi": {
      "flake": false,
      "locked": {
        "lastModified": 1673473454,
        "narHash": "sha256-ZeKkbEcTfe/5X/pW+Kl4Xjcj3cdZcs06LTg4dZIuHq8=",
        "owner": "ejgallego",
        "repo": "coq-serapi",
        "rev": "79880d37705b6ec08108f5e6044fd7a128923753",
        "type": "github"
      },
      "original": {
        "owner": "ejgallego",
        "ref": "v8.17",
        "repo": "coq-serapi",
        "type": "github"
      }
    },
    "cornelis": {
      "inputs": {
        "agda": "agda",
        "agda-stdlib-source": "agda-stdlib-source",
        "flake-compat": "flake-compat_2",
        "flake-utils": "flake-utils_2",
        "nixpkgs": "nixpkgs_4",
        "nvim-hs-source": "nvim-hs-source"
      },
      "locked": {
        "lastModified": 1681772647,
        "narHash": "sha256-5pWfrUeuB5YCnlGH0hnO0EXgoLVwRGfDuY6R2NrSVOA=",
        "owner": "isovector",
        "repo": "cornelis",
        "rev": "07c4eebeb3147ff1f8d7fa47c8f98ac570b1824e",
        "type": "github"
      },
      "original": {
        "owner": "isovector",
        "repo": "cornelis",
        "type": "github"
      }
    },
    "dracula-nvim": {
      "flake": false,
      "locked": {
        "lastModified": 1681992807,
        "narHash": "sha256-NJ8BwhxL9v99MzM97P9/8UzhhMZS0kBvCMDq5NXP5ps=",
        "owner": "Mofiqul",
        "repo": "dracula.nvim",
        "rev": "26d04c8ced02f02207e7aec1d5730c3a9ebadeeb",
        "type": "github"
      },
      "original": {
        "owner": "Mofiqul",
        "repo": "dracula.nvim",
        "type": "github"
      }
    },
    "fidget-src": {
      "flake": false,
      "locked": {
        "lastModified": 1679938700,
        "narHash": "sha256-rmJgfrEr/PYBq0S7j3tzRZvxi7PMMaAo0k528miXOQc=",
        "owner": "j-hui",
        "repo": "fidget.nvim",
        "rev": "0ba1e16d07627532b6cae915cc992ecac249fb97",
        "type": "github"
      },
      "original": {
        "owner": "j-hui",
        "repo": "fidget.nvim",
        "type": "github"
      }
    },
    "flake-compat": {
      "flake": false,
      "locked": {
        "lastModified": 1673956053,
        "narHash": "sha256-4gtG9iQuiKITOjNQQeQIpoIB6b16fm+504Ch3sNKLd8=",
        "owner": "edolstra",
        "repo": "flake-compat",
        "rev": "35bb57c0c8d8b62bbfd284272c928ceb64ddbde9",
        "type": "github"
      },
      "original": {
        "owner": "edolstra",
        "repo": "flake-compat",
        "type": "github"
      }
    },
    "flake-compat_2": {
      "flake": false,
      "locked": {
        "lastModified": 1673956053,
        "narHash": "sha256-4gtG9iQuiKITOjNQQeQIpoIB6b16fm+504Ch3sNKLd8=",
        "owner": "edolstra",
        "repo": "flake-compat",
        "rev": "35bb57c0c8d8b62bbfd284272c928ceb64ddbde9",
        "type": "github"
      },
      "original": {
        "owner": "edolstra",
        "repo": "flake-compat",
        "type": "github"
      }
    },
    "flake-compat_3": {
      "flake": false,
      "locked": {
        "lastModified": 1673956053,
        "narHash": "sha256-4gtG9iQuiKITOjNQQeQIpoIB6b16fm+504Ch3sNKLd8=",
        "owner": "edolstra",
        "repo": "flake-compat",
        "rev": "35bb57c0c8d8b62bbfd284272c928ceb64ddbde9",
        "type": "github"
      },
      "original": {
        "owner": "edolstra",
        "repo": "flake-compat",
        "type": "github"
      }
    },
    "flake-parts": {
      "inputs": {
        "nixpkgs-lib": "nixpkgs-lib"
      },
      "locked": {
        "lastModified": 1675933616,
        "narHash": "sha256-/rczJkJHtx16IFxMmAWu5nNYcSXNg1YYXTHoGjLrLUA=",
        "owner": "hercules-ci",
        "repo": "flake-parts",
        "rev": "47478a4a003e745402acf63be7f9a092d51b83d7",
        "type": "github"
      },
      "original": {
        "id": "flake-parts",
        "type": "indirect"
      }
    },
    "flake-parts_2": {
      "inputs": {
        "nixpkgs-lib": "nixpkgs-lib_2"
      },
      "locked": {
        "lastModified": 1675295133,
        "narHash": "sha256-dU8fuLL98WFXG0VnRgM00bqKX6CEPBLybhiIDIgO45o=",
        "owner": "hercules-ci",
        "repo": "flake-parts",
        "rev": "bf53492df08f3178ce85e0c9df8ed8d03c030c9f",
        "type": "github"
      },
      "original": {
        "owner": "hercules-ci",
        "repo": "flake-parts",
        "type": "github"
      }
    },
    "flake-utils": {
      "locked": {
        "lastModified": 1659877975,
        "narHash": "sha256-zllb8aq3YO3h8B/U0/J1WBgAL8EX5yWf5pMj3G0NAmc=",
        "owner": "numtide",
        "repo": "flake-utils",
        "rev": "c0e246b9b83f637f4681389ecabcb2681b4f3af0",
        "type": "github"
      },
      "original": {
        "owner": "numtide",
        "repo": "flake-utils",
        "type": "github"
      }
    },
    "flake-utils_2": {
      "inputs": {
        "systems": "systems"
      },
      "locked": {
        "lastModified": 1681202837,
        "narHash": "sha256-H+Rh19JDwRtpVPAWp64F+rlEtxUWBAQW28eAi3SRSzg=",
        "owner": "numtide",
        "repo": "flake-utils",
        "rev": "cfacdce06f30d2b68473a46042957675eebb3401",
        "type": "github"
      },
      "original": {
        "owner": "numtide",
        "repo": "flake-utils",
        "type": "github"
      }
    },
    "flake-utils_3": {
      "inputs": {
        "systems": "systems_2"
      },
      "locked": {
        "lastModified": 1681202837,
        "narHash": "sha256-H+Rh19JDwRtpVPAWp64F+rlEtxUWBAQW28eAi3SRSzg=",
        "owner": "numtide",
        "repo": "flake-utils",
        "rev": "cfacdce06f30d2b68473a46042957675eebb3401",
        "type": "github"
      },
      "original": {
        "owner": "numtide",
        "repo": "flake-utils",
        "type": "github"
      }
    },
    "flake-utils_4": {
      "locked": {
        "lastModified": 1667395993,
        "narHash": "sha256-nuEHfE/LcWyuSWnS8t12N1wc105Qtau+/OdUAjtQ0rA=",
        "owner": "numtide",
        "repo": "flake-utils",
        "rev": "5aed5285a952e0b949eb3ba02c12fa4fcfef535f",
        "type": "github"
      },
      "original": {
        "owner": "numtide",
        "repo": "flake-utils",
        "type": "github"
      }
    },
    "flake-utils_5": {
      "inputs": {
        "systems": "systems_3"
      },
      "locked": {
        "lastModified": 1681202837,
        "narHash": "sha256-H+Rh19JDwRtpVPAWp64F+rlEtxUWBAQW28eAi3SRSzg=",
        "owner": "numtide",
        "repo": "flake-utils",
        "rev": "cfacdce06f30d2b68473a46042957675eebb3401",
        "type": "github"
      },
      "original": {
        "owner": "numtide",
        "repo": "flake-utils",
        "type": "github"
      }
    },
    "flake-utils_6": {
      "inputs": {
        "systems": "systems_4"
      },
      "locked": {
        "lastModified": 1681202837,
        "narHash": "sha256-H+Rh19JDwRtpVPAWp64F+rlEtxUWBAQW28eAi3SRSzg=",
        "owner": "numtide",
        "repo": "flake-utils",
        "rev": "cfacdce06f30d2b68473a46042957675eebb3401",
        "type": "github"
      },
      "original": {
        "owner": "numtide",
        "repo": "flake-utils",
        "type": "github"
      }
    },
    "flake-utils_7": {
      "locked": {
        "lastModified": 1667395993,
        "narHash": "sha256-nuEHfE/LcWyuSWnS8t12N1wc105Qtau+/OdUAjtQ0rA=",
        "owner": "numtide",
        "repo": "flake-utils",
        "rev": "5aed5285a952e0b949eb3ba02c12fa4fcfef535f",
        "type": "github"
      },
      "original": {
        "owner": "numtide",
        "repo": "flake-utils",
        "type": "github"
      }
    },
    "flake-utils_8": {
      "locked": {
        "lastModified": 1659877975,
        "narHash": "sha256-zllb8aq3YO3h8B/U0/J1WBgAL8EX5yWf5pMj3G0NAmc=",
        "owner": "numtide",
        "repo": "flake-utils",
        "rev": "c0e246b9b83f637f4681389ecabcb2681b4f3af0",
        "type": "github"
      },
      "original": {
        "owner": "numtide",
        "repo": "flake-utils",
        "type": "github"
      }
    },
    "floating-input-src": {
      "flake": false,
      "locked": {
        "lastModified": 1679001493,
        "narHash": "sha256-+qgd9tbiTOM3D4T8oE02+tJ9DHxLKUXeK1u35XY8q9Y=",
        "owner": "liangxianzhe",
        "repo": "floating-input.nvim",
        "rev": "4d99fdffc46c1f136c720660e16ac364950d1abd",
        "type": "github"
      },
      "original": {
        "owner": "liangxianzhe",
        "repo": "floating-input.nvim",
        "type": "github"
      }
    },
    "gitignore": {
      "inputs": {
        "nixpkgs": [
          "sg-nvim-src",
          "pre-commit-nix",
          "nixpkgs"
        ]
      },
      "locked": {
        "lastModified": 1660459072,
        "narHash": "sha256-8DFJjXG8zqoONA1vXtgeKXy68KdJL5UaXR8NtVMUbx8=",
        "owner": "hercules-ci",
        "repo": "gitignore.nix",
        "rev": "a20de23b925fd8264fd7fad6454652e142fd7f73",
        "type": "github"
      },
      "original": {
        "owner": "hercules-ci",
        "repo": "gitignore.nix",
        "type": "github"
      }
    },
    "guess-indent-src": {
      "flake": false,
      "locked": {
        "lastModified": 1680539465,
        "narHash": "sha256-fqQfyUaQBcVZ7bcFeWbLyse9spw97Dqt/B4JGPnaYcQ=",
        "owner": "NMAC427",
        "repo": "guess-indent.nvim",
        "rev": "b8ae749fce17aa4c267eec80a6984130b94f80b2",
        "type": "github"
      },
      "original": {
        "owner": "NMAC427",
        "repo": "guess-indent.nvim",
        "type": "github"
      }
    },
    "leap-src": {
      "flake": false,
      "locked": {
        "lastModified": 1681842486,
        "narHash": "sha256-OIREC2Jjw2bkDH0YwAL3TEJl4kp4aD9IN+Y0JPEg6M8=",
        "owner": "ggandor",
        "repo": "leap.nvim",
        "rev": "0eb3611593e135150e2f7880ec67568ccb51c17a",
        "type": "github"
      },
      "original": {
        "owner": "ggandor",
        "repo": "leap.nvim",
        "type": "github"
      }
    },
    "lldb-nix-fix": {
      "locked": {
        "lastModified": 1680536213,
        "narHash": "sha256-z8M162lOQ6A6PFQLwnUjvZhCl/7OdZEObmuD0Xp02aI=",
        "owner": "mstone",
        "repo": "nixpkgs",
        "rev": "fa70e7499b08524a4a02e7ce9e39847b9d3c95df",
        "type": "github"
      },
      "original": {
        "owner": "mstone",
        "ref": "darwin-fix-vscode-lldb",
        "repo": "nixpkgs",
        "type": "github"
      }
    },
    "lsp-config-src": {
      "flake": false,
      "locked": {
        "lastModified": 1682559850,
        "narHash": "sha256-i2dhqrPHtegZHwTHCnvpkpwkGSo/Mn5UtGI8ynyO8jg=",
        "owner": "neovim",
        "repo": "nvim-lspconfig",
        "rev": "427378a03ffc1e1bc023275583a49b1993e524d0",
        "type": "github"
      },
      "original": {
        "owner": "neovim",
        "repo": "nvim-lspconfig",
        "type": "github"
      }
    },
    "markid-src": {
      "flake": false,
      "locked": {
        "lastModified": 1681193927,
        "narHash": "sha256-92BB4nKSe6Ii+nz0yJzvgr+jwPi4iS6Ddui0KvcYZkY=",
        "owner": "David-Kunz",
        "repo": "markid",
        "rev": "379f7af033d19744b36b454309006d67675ed2f5",
        "type": "github"
      },
      "original": {
        "owner": "David-Kunz",
        "repo": "markid",
        "type": "github"
      }
    },
    "napalm": {
      "inputs": {
        "flake-utils": "flake-utils",
        "nixpkgs": "nixpkgs"
      },
      "locked": {
        "lastModified": 1672245824,
        "narHash": "sha256-i596lbPiA/Rfx3DiJiCluxdgxWY7oGSgYMT7OmM+zik=",
        "owner": "nix-community",
        "repo": "napalm",
        "rev": "7c25a05cef52dc405f4688422ce0046ca94aadcf",
        "type": "github"
      },
      "original": {
        "owner": "nix-community",
        "repo": "napalm",
        "type": "github"
      }
    },
    "neogen-src": {
      "flake": false,
      "locked": {
        "lastModified": 1679942785,
        "narHash": "sha256-k/PLgqNyhY5OCRpdcul/YBKLI8bs8Ukaj8y3C9YEjN4=",
        "owner": "danymat",
        "repo": "neogen",
        "rev": "9c17225aac94bdbf93baf16e1b2d2c6dcffb0901",
        "type": "github"
      },
      "original": {
        "owner": "danymat",
        "repo": "neogen",
        "type": "github"
      }
    },
    "neovim": {
      "inputs": {
        "flake-utils": "flake-utils_4",
        "nixpkgs": [
          "nixpkgs"
        ]
      },
      "locked": {
        "dir": "contrib",
        "lastModified": 1682165904,
        "narHash": "sha256-u2NBXh8IAo+mygytPasL+3pJp4iWIgtTu2ethWm0VSA=",
        "owner": "neovim",
        "repo": "neovim",
        "rev": "e51e524175505877f67578a36a579472ce59eecf",
        "type": "github"
      },
      "original": {
        "dir": "contrib",
        "owner": "neovim",
        "ref": "e51e524175505877f67578a36a579472ce59eecf",
        "repo": "neovim",
        "type": "github"
      }
    },
    "neural-src": {
      "flake": false,
      "locked": {
        "lastModified": 1679591412,
        "narHash": "sha256-PHBQYX94rnNEJtlb2KZlWd0eWchbS7wPT0Q0qLPF1oA=",
        "owner": "dense-analysis",
        "repo": "neural",
        "rev": "c70837e6fcee89bf99f9ba0e5ee7bfa7e0956a07",
        "type": "github"
      },
      "original": {
        "owner": "dense-analysis",
        "repo": "neural",
        "type": "github"
      }
    },
    "nil": {
      "inputs": {
        "flake-utils": "flake-utils_5",
        "nixpkgs": "nixpkgs_5",
        "rust-overlay": "rust-overlay"
      },
      "locked": {
        "lastModified": 1682153220,
        "narHash": "sha256-X3krco3KlQurKOolPT7neEEq9PXqb5Jb34GOj0iKc5k=",
        "owner": "oxalica",
        "repo": "nil",
        "rev": "9adf5a0152d79112e4415ac5501173dab398dbe6",
        "type": "github"
      },
      "original": {
        "owner": "oxalica",
        "repo": "nil",
        "type": "github"
      }
    },
    "nix2vim": {
      "inputs": {
        "flake-utils": "flake-utils_6",
        "nixpkgs": [
          "nixpkgs"
        ]
      },
      "locked": {
        "lastModified": 1682346855,
        "narHash": "sha256-Q1+02NaOyIywqKg/hhdB80yfEBZW8CWA9IDBDyLhEf0=",
        "owner": "gytis-ivaskevicius",
        "repo": "nix2vim",
        "rev": "4b8dfdc3434e8fd1ecf08eed9228ab02560eff4c",
        "type": "github"
      },
      "original": {
        "owner": "gytis-ivaskevicius",
        "repo": "nix2vim",
        "type": "github"
      }
    },
    "nixpkgs": {
      "locked": {
        "lastModified": 1663087123,
        "narHash": "sha256-cNIRkF/J4mRxDtNYw+9/fBNq/NOA2nCuPOa3EdIyeDs=",
        "owner": "NixOS",
        "repo": "nixpkgs",
        "rev": "9608ace7009ce5bc3aeb940095e01553e635cbc7",
        "type": "github"
      },
      "original": {
        "owner": "NixOS",
        "ref": "nixos-unstable",
        "repo": "nixpkgs",
        "type": "github"
      }
    },
    "nixpkgs-lib": {
      "locked": {
        "dir": "lib",
        "lastModified": 1675183161,
        "narHash": "sha256-Zq8sNgAxDckpn7tJo7V1afRSk2eoVbu3OjI1QklGLNg=",
        "owner": "NixOS",
        "repo": "nixpkgs",
        "rev": "e1e1b192c1a5aab2960bf0a0bd53a2e8124fa18e",
        "type": "github"
      },
      "original": {
        "dir": "lib",
        "owner": "NixOS",
        "ref": "nixos-unstable",
        "repo": "nixpkgs",
        "type": "github"
      }
    },
    "nixpkgs-lib_2": {
      "locked": {
        "dir": "lib",
        "lastModified": 1675183161,
        "narHash": "sha256-Zq8sNgAxDckpn7tJo7V1afRSk2eoVbu3OjI1QklGLNg=",
        "owner": "NixOS",
        "repo": "nixpkgs",
        "rev": "e1e1b192c1a5aab2960bf0a0bd53a2e8124fa18e",
        "type": "github"
      },
      "original": {
        "dir": "lib",
        "owner": "NixOS",
        "ref": "nixos-unstable",
        "repo": "nixpkgs",
        "type": "github"
      }
    },
    "nixpkgs-stable": {
      "locked": {
        "lastModified": 1673800717,
        "narHash": "sha256-SFHraUqLSu5cC6IxTprex/nTsI81ZQAtDvlBvGDWfnA=",
        "owner": "NixOS",
        "repo": "nixpkgs",
        "rev": "2f9fd351ec37f5d479556cd48be4ca340da59b8f",
        "type": "github"
      },
      "original": {
        "owner": "NixOS",
        "ref": "nixos-22.11",
        "repo": "nixpkgs",
        "type": "github"
      }
    },
    "nixpkgs_2": {
      "locked": {
        "lastModified": 1675763311,
        "narHash": "sha256-bz0Q2H3mxsF1CUfk26Sl9Uzi8/HFjGFD/moZHz1HebU=",
        "owner": "NixOS",
        "repo": "nixpkgs",
        "rev": "fab09085df1b60d6a0870c8a89ce26d5a4a708c2",
        "type": "github"
      },
      "original": {
        "owner": "NixOS",
        "ref": "nixos-unstable",
        "repo": "nixpkgs",
        "type": "github"
      }
    },
    "nixpkgs_3": {
      "locked": {
        "lastModified": 1675545634,
        "narHash": "sha256-TbQeQcM5TA/wIho6xtzG+inUfiGzUXi8ewwttiQWYJE=",
        "owner": "nixos",
        "repo": "nixpkgs",
        "rev": "0591d6b57bfeb55dfeec99a671843337bc2c3323",
        "type": "github"
      },
      "original": {
        "owner": "nixos",
        "ref": "nixos-unstable",
        "repo": "nixpkgs",
        "type": "github"
      }
    },
    "nixpkgs_4": {
      "locked": {
        "lastModified": 1681389457,
        "narHash": "sha256-Z6TRJ2aI1eRd+kICdrkNyL2aH7XKw8ogzLdtGz1Q9qI=",
        "owner": "NixOS",
        "repo": "nixpkgs",
        "rev": "c58e6fbf258df1572b535ac1868ec42faf7675dd",
        "type": "github"
      },
      "original": {
        "owner": "NixOS",
        "ref": "nixpkgs-unstable",
        "repo": "nixpkgs",
        "type": "github"
      }
    },
    "nixpkgs_5": {
      "locked": {
        "lastModified": 1682018913,
        "narHash": "sha256-Eo2ZkWB8+qy8fnmxtJUNJl6HHYYAgXDR29+OwDIzm1Q=",
        "owner": "nixos",
        "repo": "nixpkgs",
        "rev": "7048a48bc79b4361f77740420000d2b5454b0df7",
        "type": "github"
      },
      "original": {
        "owner": "nixos",
        "ref": "nixpkgs-unstable",
        "repo": "nixpkgs",
        "type": "github"
      }
    },
    "nixpkgs_6": {
      "locked": {
        "lastModified": 1684164265,
        "narHash": "sha256-ZqNSKSQM12040taiRvSgqwUCPlN1qZAw6nYniYuY1hs=",
        "owner": "NixOS",
        "repo": "nixpkgs",
        "rev": "872c89e5a754a04058b4531e54897db5ca734100",
        "type": "github"
      },
      "original": {
        "owner": "NixOS",
        "repo": "nixpkgs",
        "type": "github"
      }
    },
    "nixpkgs_7": {
      "locked": {
        "lastModified": 1675553537,
        "narHash": "sha256-Ll/rx3JnvK53tfeDEFVFlH8UOxtBCyKB3cipyVhRbII=",
        "owner": "nixos",
        "repo": "nixpkgs",
        "rev": "19ad2a2b84a99b8025ace91ba7b80d12d8ae71db",
        "type": "github"
      },
      "original": {
        "owner": "nixos",
        "ref": "nixpkgs-unstable",
        "repo": "nixpkgs",
        "type": "github"
      }
    },
    "nixpkgs_8": {
      "locked": {
        "lastModified": 1671271357,
        "narHash": "sha256-xRJdLbWK4v2SewmSStYrcLa0YGJpleufl44A19XSW8k=",
        "owner": "NixOS",
        "repo": "nixpkgs",
        "rev": "40f79f003b6377bd2f4ed4027dde1f8f922995dd",
        "type": "github"
      },
      "original": {
        "owner": "NixOS",
        "ref": "nixos-unstable",
        "repo": "nixpkgs",
        "type": "github"
      }
    },
    "nixpkgs_9": {
      "locked": {
        "lastModified": 1665296151,
        "narHash": "sha256-uOB0oxqxN9K7XGF1hcnY+PQnlQJ+3bP2vCn/+Ru/bbc=",
        "owner": "NixOS",
        "repo": "nixpkgs",
        "rev": "14ccaaedd95a488dd7ae142757884d8e125b3363",
        "type": "github"
      },
      "original": {
        "owner": "NixOS",
        "ref": "nixpkgs-unstable",
        "repo": "nixpkgs",
        "type": "github"
      }
    },
    "node-type-nvim-src": {
      "flake": false,
      "locked": {
        "lastModified": 1676449371,
        "narHash": "sha256-hcpfx5U8BrUYX4yzdWyENCZm9DQnN/cmc/M5zdERbTY=",
        "owner": "roobert",
        "repo": "node-type.nvim",
        "rev": "e9feba6c01aca3ed0bb473f4c58a38ae4f771809",
        "type": "github"
      },
      "original": {
        "owner": "roobert",
        "repo": "node-type.nvim",
        "type": "github"
      }
    },
    "nui-nvim-src": {
      "flake": false,
      "locked": {
        "lastModified": 1681244240,
        "narHash": "sha256-IlbOt9fCBklx3i8OY2DZwa/8OV+yGOLBm8HUeVLseIw=",
        "owner": "muniftanjim",
        "repo": "nui.nvim",
        "rev": "ecd9def93891b9260b15b5fcef542eaabf4145c9",
        "type": "github"
      },
      "original": {
        "owner": "muniftanjim",
        "repo": "nui.nvim",
        "type": "github"
      }
    },
    "nvim-async-src": {
      "flake": false,
      "locked": {
        "lastModified": 1681037971,
        "narHash": "sha256-TR8DbOJSZuIeqaOx6sMrs3mBc+yYnWyEzhbasQvvWzE=",
        "owner": "kevinhwang91",
        "repo": "promise-async",
        "rev": "e94f35161b8c5d4a4ca3b6ff93dd073eb9214c0e",
        "type": "github"
      },
      "original": {
        "owner": "kevinhwang91",
        "repo": "promise-async",
        "type": "github"
      }
    },
    "nvim-autopairs-src": {
      "flake": false,
      "locked": {
        "lastModified": 1681990925,
        "narHash": "sha256-SYxgY7tJBbu6w51u8ZQWcS48laFCu8X3N4SQhjfEqkM=",
        "owner": "windwp",
        "repo": "nvim-autopairs",
        "rev": "7566a86f44bb72ba2b1a609f528a27d93241502d",
        "type": "github"
      },
      "original": {
        "owner": "windwp",
        "repo": "nvim-autopairs",
        "type": "github"
      }
    },
    "nvim-cmp": {
      "flake": false,
      "locked": {
        "lastModified": 1682560943,
        "narHash": "sha256-SLYy9sB0QSyUadLlkBQxhTBLGYLW28NFfCfnwLgHfnI=",
        "owner": "hrsh7th",
        "repo": "nvim-cmp",
        "rev": "11102d3db12c7f8b35265ad0e17a21511e5b1e68",
        "type": "github"
      },
      "original": {
        "owner": "hrsh7th",
        "repo": "nvim-cmp",
        "type": "github"
      }
    },
    "nvim-dap-src": {
      "flake": false,
      "locked": {
        "lastModified": 1682077642,
        "narHash": "sha256-l5sJ6PKW10CtOzSBKzWasWVMZq/mAkgpgWOecIVuV+0=",
        "owner": "mfussenegger",
        "repo": "nvim-dap",
        "rev": "6cedcb527e264c8f25e86afa8dae74c6692dee51",
        "type": "github"
      },
      "original": {
        "owner": "mfussenegger",
        "repo": "nvim-dap",
        "type": "github"
      }
    },
    "nvim-dap-ui-src": {
      "flake": false,
      "locked": {
        "lastModified": 1681031165,
        "narHash": "sha256-kQi9nEKVLaYUJqx2Cohilf9/hPhy3Y7jIaguGHckpc0=",
        "owner": "rcarriga",
        "repo": "nvim-dap-ui",
        "rev": "286f682f366fbc652b38dff893569374e9433dd3",
        "type": "github"
      },
      "original": {
        "owner": "rcarriga",
        "repo": "nvim-dap-ui",
        "type": "github"
      }
    },
    "nvim-dap-virtual-text-src": {
      "flake": false,
      "locked": {
        "lastModified": 1682549021,
        "narHash": "sha256-1Uu1X2OExFzkhzcqK8dD6NJ7C12Y26ufTlTCRBrPkFU=",
        "owner": "theHamsta",
        "repo": "nvim-dap-virtual-text",
        "rev": "ab988dbb7d20cdaebf9b3ef7554a89f6895de042",
        "type": "github"
      },
      "original": {
        "owner": "theHamsta",
        "repo": "nvim-dap-virtual-text",
        "type": "github"
      }
    },
    "nvim-hs-source": {
      "flake": false,
      "locked": {
        "lastModified": 1675633002,
        "narHash": "sha256-+oloouRfR0vexob6z7U9t+pHqt2qCE810JiGKb3m6NQ=",
        "owner": "neovimhaskell",
        "repo": "nvim-hs",
        "rev": "eaf826d4156b0281ef7ce9dec35ba720b5c45f09",
        "type": "github"
      },
      "original": {
        "owner": "neovimhaskell",
        "repo": "nvim-hs",
        "rev": "eaf826d4156b0281ef7ce9dec35ba720b5c45f09",
        "type": "github"
      }
    },
    "nvim-trailblazer-src": {
      "flake": false,
      "locked": {
        "lastModified": 1680959225,
        "narHash": "sha256-9q8CmbUGmbKb7w4fzOS7XBSg8YM5WwqwvLUN2pVOAtI=",
        "owner": "LeonHeidelbach",
        "repo": "trailblazer.nvim",
        "rev": "674bb6254a376a234d0d243366224122fc064eab",
        "type": "github"
      },
      "original": {
        "owner": "LeonHeidelbach",
        "repo": "trailblazer.nvim",
        "type": "github"
      }
    },
    "nvim-treesitter-src": {
      "flake": false,
      "locked": {
        "lastModified": 1684137564,
        "narHash": "sha256-L7ln0tPsY1+hmICfMu2+3HcVb4Z59YcfuYlQvxW0dFk=",
        "owner": "nvim-treesitter",
        "repo": "nvim-treesitter",
        "rev": "217467c26223e0287f44f0eb04226da50fa0c114",
        "type": "github"
      },
      "original": {
        "owner": "nvim-treesitter",
        "repo": "nvim-treesitter",
        "type": "github"
      }
    },
    "nvim-ufo-src": {
      "flake": false,
      "locked": {
        "lastModified": 1677830431,
        "narHash": "sha256-3tEC6JWqs32VrINH6YYrQzD6yDtiyTiMVPxWLSfOirs=",
        "owner": "kevinhwang91",
        "repo": "nvim-ufo",
        "rev": "9e829d5cfa3de6a2ff561d86399772b0339ae49d",
        "type": "github"
      },
      "original": {
        "owner": "kevinhwang91",
        "repo": "nvim-ufo",
        "type": "github"
      }
    },
    "plenary-nvim-src": {
      "flake": false,
      "locked": {
        "lastModified": 1681122243,
        "narHash": "sha256-tG+BrCgE1L7QMbchSzjLfQfpI09uTQXbx7OeFuVEcDQ=",
        "owner": "nvim-lua",
        "repo": "plenary.nvim",
        "rev": "9ac3e9541bbabd9d73663d757e4fe48a675bb054",
        "type": "github"
      },
      "original": {
        "owner": "nvim-lua",
        "repo": "plenary.nvim",
        "type": "github"
      }
    },
    "pre-commit-nix": {
      "inputs": {
        "flake-compat": "flake-compat_3",
        "flake-utils": "flake-utils_7",
        "gitignore": "gitignore",
        "nixpkgs": "nixpkgs_8",
        "nixpkgs-stable": "nixpkgs-stable"
      },
      "locked": {
        "lastModified": 1675337566,
        "narHash": "sha256-jmLBTQcs1jFOn8h1Q5b5XwPfYgFOtcZ3+mU9KvfC6Js=",
        "owner": "cachix",
        "repo": "pre-commit-hooks.nix",
        "rev": "5668d079583a5b594cb4e0cc0e6d84f1b93da7ae",
        "type": "github"
      },
      "original": {
        "owner": "cachix",
        "repo": "pre-commit-hooks.nix",
        "type": "github"
      }
    },
    "quick-scope-src": {
      "flake": false,
      "locked": {
        "lastModified": 1678828585,
        "narHash": "sha256-CBOjzZW1tyVuagvAwultroRuQ4qJay5LyvuEMDtykLc=",
        "owner": "unblevable",
        "repo": "quick-scope",
        "rev": "a147fe0b180479249a6770eac332e2cd8f35b673",
        "type": "github"
      },
      "original": {
        "owner": "unblevable",
        "repo": "quick-scope",
        "type": "github"
      }
    },
    "root": {
      "inputs": {
        "blamer-nvim-src": "blamer-nvim-src",
        "chatgpt-nvim-src": "chatgpt-nvim-src",
        "cmp-buffer": "cmp-buffer",
        "cmp-dap-src": "cmp-dap-src",
        "cmp-nvim-lsp": "cmp-nvim-lsp",
        "codeium-nvim-src": "codeium-nvim-src",
        "colorizer-src": "colorizer-src",
        "comment-nvim-src": "comment-nvim-src",
        "conceal-src": "conceal-src",
        "conjure-src": "conjure-src",
        "coq-lsp": "coq-lsp",
        "cornelis": "cornelis",
        "dracula-nvim": "dracula-nvim",
        "fidget-src": "fidget-src",
        "flake-utils": "flake-utils_3",
        "floating-input-src": "floating-input-src",
        "guess-indent-src": "guess-indent-src",
        "leap-src": "leap-src",
        "lldb-nix-fix": "lldb-nix-fix",
        "lsp-config-src": "lsp-config-src",
        "markid-src": "markid-src",
        "neogen-src": "neogen-src",
        "neovim": "neovim",
        "neural-src": "neural-src",
        "nil": "nil",
        "nix2vim": "nix2vim",
        "nixpkgs": "nixpkgs_6",
        "node-type-nvim-src": "node-type-nvim-src",
        "nui-nvim-src": "nui-nvim-src",
        "nvim-async-src": "nvim-async-src",
        "nvim-autopairs-src": "nvim-autopairs-src",
        "nvim-cmp": "nvim-cmp",
        "nvim-dap-src": "nvim-dap-src",
        "nvim-dap-ui-src": "nvim-dap-ui-src",
        "nvim-dap-virtual-text-src": "nvim-dap-virtual-text-src",
        "nvim-trailblazer-src": "nvim-trailblazer-src",
        "nvim-treesitter-src": "nvim-treesitter-src",
        "nvim-ufo-src": "nvim-ufo-src",
        "plenary-nvim-src": "plenary-nvim-src",
        "quick-scope-src": "quick-scope-src",
        "rust-tools-src": "rust-tools-src",
        "sg-nvim-src": "sg-nvim-src",
        "significant-nvim-src": "significant-nvim-src",
        "telescope-dap-nvim-src": "telescope-dap-nvim-src",
        "telescope-dapzzzz-src": "telescope-dapzzzz-src",
        "telescope-src": "telescope-src",
        "telescope-ui-select-src": "telescope-ui-select-src",
        "terraform-ls-src": "terraform-ls-src",
        "ts-node-action-src": "ts-node-action-src",
        "vim-illuminate-src": "vim-illuminate-src",
        "which-key-src": "which-key-src",
        "wilder-nvim-src": "wilder-nvim-src"
      }
    },
    "rust-overlay": {
      "inputs": {
        "flake-utils": [
          "nil",
          "flake-utils"
        ],
        "nixpkgs": [
          "nil",
          "nixpkgs"
        ]
      },
      "locked": {
        "lastModified": 1682043560,
        "narHash": "sha256-ZsF4Yee9pQbvLtwSVGgYux+az4yFSLXrxPyGHm3ptJM=",
        "owner": "oxalica",
        "repo": "rust-overlay",
        "rev": "48037a6f8faeee138ede96bf607bc95c9dab9aec",
        "type": "github"
      },
      "original": {
        "owner": "oxalica",
        "repo": "rust-overlay",
        "type": "github"
      }
    },
    "rust-overlay_2": {
      "inputs": {
        "flake-utils": "flake-utils_8",
        "nixpkgs": "nixpkgs_9"
      },
      "locked": {
        "lastModified": 1675564291,
        "narHash": "sha256-mJ9ISIElFGCPYRDBYVv2AWPwYSsbTCEJg2E9n4ALxwc=",
        "owner": "oxalica",
        "repo": "rust-overlay",
        "rev": "3bf0a253c07b4ddea8a5f0fb805e2a412cc7c7d4",
        "type": "github"
      },
      "original": {
        "owner": "oxalica",
        "repo": "rust-overlay",
        "type": "github"
      }
    },
    "rust-tools-src": {
      "flake": false,
      "locked": {
        "lastModified": 1676929960,
        "narHash": "sha256-Cuk/vdoviB9ibt2rrkNRmNFy4S+6czhbExmIjTJRdZM=",
        "owner": "simrat39",
        "repo": "rust-tools.nvim",
        "rev": "71d2cf67b5ed120a0e31b2c8adb210dd2834242f",
        "type": "github"
      },
      "original": {
        "owner": "simrat39",
        "repo": "rust-tools.nvim",
        "type": "github"
      }
    },
    "sg-nvim-src": {
      "inputs": {
        "flake-parts": "flake-parts_2",
        "nixpkgs": "nixpkgs_7",
        "pre-commit-nix": "pre-commit-nix",
        "rust-overlay": "rust-overlay_2"
      },
      "locked": {
        "lastModified": 1680111010,
        "narHash": "sha256-VwfAz4Vpr/e1slgi4hFvqQQMUmE+fRPUoeWZaH2q3ZY=",
        "owner": "sourcegraph",
        "repo": "sg.nvim",
        "rev": "2748c52e9bef39702941d3171670810e9d2dcace",
        "type": "github"
      },
      "original": {
        "owner": "sourcegraph",
        "repo": "sg.nvim",
        "type": "github"
      }
    },
    "significant-nvim-src": {
      "flake": false,
      "locked": {
        "lastModified": 1664368712,
        "narHash": "sha256-YOYySTU6PhnMqnYVKjbO8vQfTCz04Z5gC1+3aHppbc0=",
        "owner": "elpiloto",
        "repo": "significant.nvim",
        "rev": "5450e9d5917dc6aa9afb0fcbe32355799b8303fb",
        "type": "github"
      },
      "original": {
        "owner": "elpiloto",
        "repo": "significant.nvim",
        "type": "github"
      }
    },
    "systems": {
      "locked": {
        "lastModified": 1681028828,
        "narHash": "sha256-Vy1rq5AaRuLzOxct8nz4T6wlgyUR7zLU309k9mBC768=",
        "owner": "nix-systems",
        "repo": "default",
        "rev": "da67096a3b9bf56a91d16901293e51ba5b49a27e",
        "type": "github"
      },
      "original": {
        "owner": "nix-systems",
        "repo": "default",
        "type": "github"
      }
    },
    "systems_2": {
      "locked": {
        "lastModified": 1681028828,
        "narHash": "sha256-Vy1rq5AaRuLzOxct8nz4T6wlgyUR7zLU309k9mBC768=",
        "owner": "nix-systems",
        "repo": "default",
        "rev": "da67096a3b9bf56a91d16901293e51ba5b49a27e",
        "type": "github"
      },
      "original": {
        "owner": "nix-systems",
        "repo": "default",
        "type": "github"
      }
    },
    "systems_3": {
      "locked": {
        "lastModified": 1681028828,
        "narHash": "sha256-Vy1rq5AaRuLzOxct8nz4T6wlgyUR7zLU309k9mBC768=",
        "owner": "nix-systems",
        "repo": "default",
        "rev": "da67096a3b9bf56a91d16901293e51ba5b49a27e",
        "type": "github"
      },
      "original": {
        "owner": "nix-systems",
        "repo": "default",
        "type": "github"
      }
    },
    "systems_4": {
      "locked": {
        "lastModified": 1681028828,
        "narHash": "sha256-Vy1rq5AaRuLzOxct8nz4T6wlgyUR7zLU309k9mBC768=",
        "owner": "nix-systems",
        "repo": "default",
        "rev": "da67096a3b9bf56a91d16901293e51ba5b49a27e",
        "type": "github"
      },
      "original": {
        "owner": "nix-systems",
        "repo": "default",
        "type": "github"
      }
    },
    "telescope-dap-nvim-src": {
      "flake": false,
      "locked": {
        "lastModified": 1669979517,
        "narHash": "sha256-9T7O02ieM/If07bSbGcJQFD8oWv2Pg5S+uv2BcardTY=",
        "owner": "nvim-telescope",
        "repo": "telescope-dap.nvim",
        "rev": "313d2ea12ae59a1ca51b62bf01fc941a983d9c9c",
        "type": "github"
      },
      "original": {
        "owner": "nvim-telescope",
        "repo": "telescope-dap.nvim",
        "type": "github"
      }
    },
    "telescope-dapzzzz-src": {
      "flake": false,
      "locked": {
        "lastModified": 1671089547,
        "narHash": "sha256-XD83M7P3eTmeABxEiDqO1MYRJ8zdBhfo82crKpGNXAo=",
        "owner": "HUAHUAI23",
        "repo": "telescope-dapzzzz",
        "rev": "d926a96c9143e79ce8c4f33a959c8574f9bd5bdb",
        "type": "github"
      },
      "original": {
        "owner": "HUAHUAI23",
        "repo": "telescope-dapzzzz",
        "type": "github"
      }
    },
    "telescope-src": {
      "flake": false,
      "locked": {
        "lastModified": 1682482973,
        "narHash": "sha256-K3jhTlB9Win94oLMXTB4WGl5QY9mE8YrFtLudHlhKj0=",
        "owner": "nvim-telescope",
        "repo": "telescope.nvim",
        "rev": "713d26b98583b160b50fb827adb751f768238ed3",
        "type": "github"
      },
      "original": {
        "owner": "nvim-telescope",
        "repo": "telescope.nvim",
        "type": "github"
      }
    },
    "telescope-ui-select-src": {
      "flake": false,
      "locked": {
        "lastModified": 1651305900,
        "narHash": "sha256-/JM2KX70JXa3sydrUj13Vd4rRwhn3VrdW7qLLHqIqyY=",
        "owner": "nvim-telescope",
        "repo": "telescope-ui-select.nvim",
        "rev": "62ea5e58c7bbe191297b983a9e7e89420f581369",
        "type": "github"
      },
      "original": {
        "owner": "nvim-telescope",
        "repo": "telescope-ui-select.nvim",
        "type": "github"
      }
    },
    "terraform-ls-src": {
      "flake": false,
      "locked": {
        "lastModified": 1682597624,
        "narHash": "sha256-ha8uRv7OIj1SUIXzT+3CyJ0rofxSY0drckNtuHJroow=",
        "owner": "hashicorp",
        "repo": "terraform-ls",
        "rev": "22f1e407c1a93d91bc06eef4d3f2c41b9df4b77e",
        "type": "github"
      },
      "original": {
        "owner": "hashicorp",
        "repo": "terraform-ls",
        "type": "github"
      }
    },
    "treefmt": {
      "inputs": {
        "nixpkgs": "nixpkgs_3"
      },
      "locked": {
        "lastModified": 1675939481,
        "narHash": "sha256-LwwcWeyExA02GGn8QCQfZjft+blg101OXBQWglCqPVA=",
        "owner": "numtide",
        "repo": "treefmt-nix",
        "rev": "e9033eca3d7139fd499f310023ddc3bb5abff515",
        "type": "github"
      },
      "original": {
        "owner": "numtide",
        "repo": "treefmt-nix",
        "type": "github"
      }
    },
    "ts-node-action-src": {
      "flake": false,
      "locked": {
        "lastModified": 1682165775,
        "narHash": "sha256-EHt6MNaYAnz2cZE+E8pOtpU/i9/R03JZ7bx1JWgOZG0=",
        "owner": "CKolkey",
        "repo": "ts-node-action",
        "rev": "0440eaa24e2334aa593b38ab4e42c8efa8dd187b",
        "type": "github"
      },
      "original": {
        "owner": "CKolkey",
        "repo": "ts-node-action",
        "type": "github"
      }
    },
    "vim-illuminate-src": {
      "flake": false,
      "locked": {
        "lastModified": 1679187974,
        "narHash": "sha256-8dL3cBjQ2iY4D4gTxKVVmOGhxcSSRuDBvmEwwFIbWsQ=",
        "owner": "RRethy",
        "repo": "vim-illuminate",
        "rev": "a2907275a6899c570d16e95b9db5fd921c167502",
        "type": "github"
      },
      "original": {
        "owner": "RRethy",
        "repo": "vim-illuminate",
        "type": "github"
      }
    },
    "which-key-src": {
      "flake": false,
      "locked": {
        "lastModified": 1651651877,
        "narHash": "sha256-UoV9H3oVJL1BPmuG+/eU4cG1s7thOrcrPyat9npBxm0=",
        "owner": "folke",
        "repo": "which-key.nvim",
        "rev": "bd4411a2ed4dd8bb69c125e339d837028a6eea71",
        "type": "github"
      },
      "original": {
        "owner": "folke",
        "ref": "bd4411a2ed4dd8bb69c125e339d837028a6eea71",
        "repo": "which-key.nvim",
        "type": "github"
      }
    },
    "wilder-nvim-src": {
      "flake": false,
      "locked": {
        "lastModified": 1660357399,
        "narHash": "sha256-jbLwoZLD6jL9QMIuUXiCbA4nP0Caw+iiHuCCGaxLZQU=",
        "owner": "gelguy",
        "repo": "wilder.nvim",
        "rev": "679f348dc90d80ff9ba0e7c470c40a4d038dcecf",
        "type": "github"
      },
      "original": {
        "owner": "gelguy",
        "repo": "wilder.nvim",
        "type": "github"
      }
    }
  },
  "root": "root",
  "version": 7
}
