{
  "nodes": {
    "agda": {
      "inputs": {
        "flake-utils": [
          "cornelis",
          "flake-utils"
        ],
        "nixpkgs": [
          "cornelis",
          "nixpkgs"
        ]
      },
      "locked": {
        "lastModified": 1676292415,
        "narHash": "sha256-HEWxwLLZB7yAAa4QROH60yHMXgUDMJG6DvZaF1ho26w=",
        "owner": "agda",
        "repo": "agda",
        "rev": "8d4416a462719bffbf21617b9f2fa00234e185ac",
        "type": "github"
      },
      "original": {
        "owner": "agda",
        "repo": "agda",
        "rev": "8d4416a462719bffbf21617b9f2fa00234e185ac",
        "type": "github"
      }
    },
    "agda-stdlib-source": {
      "flake": false,
      "locked": {
        "lastModified": 1675217091,
        "narHash": "sha256-vvbyfC5+Yyx18IDikSbAAcTHHtU6krlz45Fd2YlwsBg=",
        "owner": "agda",
        "repo": "agda-stdlib",
        "rev": "b2e6385c1636897dbee0b10f7194376ff2c1753b",
        "type": "github"
      },
      "original": {
        "owner": "agda",
        "ref": "v1.7.2",
        "repo": "agda-stdlib",
        "type": "github"
      }
    },
    "blamer-nvim-src": {
      "flake": false,
      "locked": {
        "lastModified": 1637136495,
        "narHash": "sha256-etLCmzOMi7xjYc43ZBqjPnj2gqrrSbmtcKdw6eZT8rM=",
        "owner": "APZelos",
        "repo": "blamer.nvim",
        "rev": "f4eb22a9013642c411725fdda945ae45f8d93181",
        "type": "github"
      },
      "original": {
        "owner": "APZelos",
        "repo": "blamer.nvim",
        "type": "github"
      }
    },
    "chatgpt-nvim-src": {
      "flake": false,
      "locked": {
        "lastModified": 1676310208,
        "narHash": "sha256-ALSZ7Y6U5ga7d2F5xKuLtcYjR6R+91th85sbY6qi3bc=",
        "owner": "jackMort",
        "repo": "ChatGPT.nvim",
        "rev": "3f6fd348df53b9d15aa0a58709562cf0a3b4636a",
        "type": "github"
      },
      "original": {
        "owner": "jackMort",
        "repo": "ChatGPT.nvim",
        "type": "github"
      }
    },
    "cmp-buffer": {
      "flake": false,
      "locked": {
        "lastModified": 1660101488,
        "narHash": "sha256-dG4U7MtnXThoa/PD+qFtCt76MQ14V1wX8GMYcvxEnbM=",
        "owner": "hrsh7th",
        "repo": "cmp-buffer",
        "rev": "3022dbc9166796b644a841a02de8dd1cc1d311fa",
        "type": "github"
      },
      "original": {
        "owner": "hrsh7th",
        "repo": "cmp-buffer",
        "type": "github"
      }
    },
    "cmp-dap-src": {
      "flake": false,
      "locked": {
        "lastModified": 1668340530,
        "narHash": "sha256-w+gGaZxXjb2B0dMXhfduEQKtO5CmQnuUdh4otpcsFuc=",
        "owner": "rcarriga",
        "repo": "cmp-dap",
        "rev": "d16f14a210cd28988b97ca8339d504533b7e09a4",
        "type": "github"
      },
      "original": {
        "owner": "rcarriga",
        "repo": "cmp-dap",
        "type": "github"
      }
    },
    "cmp-nvim-lsp": {
      "flake": false,
      "locked": {
        "lastModified": 1675708067,
        "narHash": "sha256-DxpcPTBlvVP88PDoTheLV2fC76EXDqS2UpM5mAfj/D4=",
        "owner": "hrsh7th",
        "repo": "cmp-nvim-lsp",
        "rev": "0e6b2ed705ddcff9738ec4ea838141654f12eeef",
        "type": "github"
      },
      "original": {
        "owner": "hrsh7th",
        "repo": "cmp-nvim-lsp",
        "type": "github"
      }
    },
    "codium-nvim-src": {
      "flake": false,
      "locked": {
        "lastModified": 1675904931,
        "narHash": "sha256-Wnc3k1gHVC/QQp6aqasYW7ABc+Knr2IQ8U6Lm35c0vE=",
        "owner": "jcdickinson",
        "repo": "codeium.nvim",
        "rev": "de7c4d17f5b10e6c38b3c68d3472fffca984acae",
        "type": "github"
      },
      "original": {
        "owner": "jcdickinson",
        "repo": "codeium.nvim",
        "type": "github"
      }
    },
    "colorizer-src": {
      "flake": false,
      "locked": {
        "lastModified": 1554648757,
        "narHash": "sha256-N7UVzk/XUX76XcPHds+lLMZzO7gahj/9LIfof2BPThc=",
        "owner": "powerman",
        "repo": "vim-plugin-AnsiEsc",
        "rev": "690f820d20b6e3a79ba20499874eb7333aa4ca5c",
        "type": "github"
      },
      "original": {
        "owner": "powerman",
        "repo": "vim-plugin-AnsiEsc",
        "type": "github"
      }
    },
    "comment-nvim-src": {
      "flake": false,
      "locked": {
        "lastModified": 1676528587,
        "narHash": "sha256-SwN67ILsNJk0bNkcfQFiipAULaDxTfnCDHSC/+XKeLA=",
        "owner": "numToStr",
        "repo": "Comment.nvim",
        "rev": "6821b3ae27a57f1f3cf8ed030e4a55d70d0c4e43",
        "type": "github"
      },
      "original": {
        "owner": "numToStr",
        "repo": "Comment.nvim",
        "type": "github"
      }
    },
    "conceal-src": {
      "flake": false,
      "locked": {
        "lastModified": 1478179438,
        "narHash": "sha256-yeId7EXZZl3n/icngGgsj0Db3Gxgq53daby6iq4MpvU=",
        "owner": "ticki",
        "repo": "rust-cute-vim",
        "rev": "ad22be8aece24a792f274e521107fe49c41f9751",
        "type": "github"
      },
      "original": {
        "owner": "ticki",
        "repo": "rust-cute-vim",
        "type": "github"
      }
    },
    "conjure-src": {
      "flake": false,
      "locked": {
        "lastModified": 1673111254,
        "narHash": "sha256-zBY3C7udP5sJ/HLp/bEt6gBBXLMINw/WQNXOXnoDLiw=",
        "owner": "Olical",
        "repo": "conjure",
        "rev": "d2e69a13b32e8574decfe81ea275292234eba6ea",
        "type": "github"
      },
      "original": {
        "owner": "Olical",
        "repo": "conjure",
        "type": "github"
      }
    },
    "copilot-cmp-src": {
      "flake": false,
      "locked": {
        "lastModified": 1677334793,
        "narHash": "sha256-G13Xu4UKBtNsgmVzQOjiJvpsuLIhcTjZQFnaCsR+raE=",
        "owner": "zbirenbaum",
        "repo": "copilot-cmp",
        "rev": "976d687a97ed986c3043eccd4449a3cf2476f3d1",
        "type": "github"
      },
      "original": {
        "owner": "zbirenbaum",
        "repo": "copilot-cmp",
        "type": "github"
      }
    },
    "copilot-lua-src": {
      "flake": false,
      "locked": {
        "lastModified": 1677231405,
        "narHash": "sha256-GJ0nr0NgcAOXUSMpdapqLOtCES5ECtzl6sOrr1BEhSc=",
        "owner": "zbirenbaum",
        "repo": "copilot.lua",
        "rev": "ca68fc39f656d4025c5e0acc2faf07a28be3a389",
        "type": "github"
      },
      "original": {
        "owner": "zbirenbaum",
        "repo": "copilot.lua",
        "type": "github"
      }
    },
    "copilot-vim-src": {
      "flake": false,
      "locked": {
        "lastModified": 1676503869,
        "narHash": "sha256-B+2hHNTrabj6O9F6OoskNIUsjJXLrt+4XgjuiRoM80s=",
        "owner": "github",
        "repo": "copilot.vim",
        "rev": "9e869d29e62e36b7eb6fb238a4ca6a6237e7d78b",
        "type": "github"
      },
      "original": {
        "owner": "github",
        "repo": "copilot.vim",
        "type": "github"
      }
    },
    "coq-lsp": {
      "inputs": {
        "coq-serapi": "coq-serapi",
        "flake-compat": "flake-compat",
        "flake-parts": "flake-parts",
        "napalm": "napalm",
        "nixpkgs": "nixpkgs_2",
        "treefmt": "treefmt"
      },
      "locked": {
        "lastModified": 1677248244,
        "narHash": "sha256-ZNq2UZJ/D4KGzSK10oQhgEnVjjMpm61ytxkBJQUAgCo=",
        "ref": "refs/heads/main",
        "rev": "8ba9284e6847c2abe61a7b3858e89aa433496b36",
        "revCount": 820,
        "submodules": true,
        "type": "git",
        "url": "https://github.com/ejgallego/coq-lsp"
      },
      "original": {
        "submodules": true,
        "type": "git",
        "url": "https://github.com/ejgallego/coq-lsp"
      }
    },
    "coq-serapi": {
      "flake": false,
      "locked": {
        "lastModified": 1673473454,
        "narHash": "sha256-ZeKkbEcTfe/5X/pW+Kl4Xjcj3cdZcs06LTg4dZIuHq8=",
        "owner": "ejgallego",
        "repo": "coq-serapi",
        "rev": "79880d37705b6ec08108f5e6044fd7a128923753",
        "type": "github"
      },
      "original": {
        "owner": "ejgallego",
        "ref": "v8.17",
        "repo": "coq-serapi",
        "type": "github"
      }
    },
    "cornelis": {
      "inputs": {
        "agda": "agda",
        "agda-stdlib-source": "agda-stdlib-source",
        "flake-compat": "flake-compat_2",
        "flake-utils": "flake-utils_2",
        "nixpkgs": "nixpkgs_4",
        "nvim-hs-source": "nvim-hs-source"
      },
      "locked": {
        "lastModified": 1677381361,
        "narHash": "sha256-KdEDrrWzkEj6dlNh3cjelSPKcZAyfOyIzE0E+4ufmxE=",
        "owner": "isovector",
        "repo": "cornelis",
        "rev": "2af33c49a033f022c45819131ff465ce54612791",
        "type": "github"
      },
      "original": {
        "owner": "isovector",
        "repo": "cornelis",
        "type": "github"
      }
    },
    "dracula-nvim": {
      "flake": false,
      "locked": {
        "lastModified": 1675609947,
        "narHash": "sha256-cFsVECnW2kaGvXSrc5o40LA1okZohgVQifDJtBQCz5Q=",
        "owner": "Mofiqul",
        "repo": "dracula.nvim",
        "rev": "798274ba3c454a9aa3cd71f95a86ea55cbbbb142",
        "type": "github"
      },
      "original": {
        "owner": "Mofiqul",
        "repo": "dracula.nvim",
        "type": "github"
      }
    },
    "fidget-src": {
      "flake": false,
      "locked": {
        "lastModified": 1676661245,
        "narHash": "sha256-f49AwromG0rHZ5i1q4i6GJgLNtusa8QpciljL0dgSJo=",
        "owner": "j-hui",
        "repo": "fidget.nvim",
        "rev": "688b4fec4517650e29c3e63cfbb6e498b3112ba1",
        "type": "github"
      },
      "original": {
        "owner": "j-hui",
        "repo": "fidget.nvim",
        "type": "github"
      }
    },
    "flake-compat": {
      "flake": false,
      "locked": {
        "lastModified": 1673956053,
        "narHash": "sha256-4gtG9iQuiKITOjNQQeQIpoIB6b16fm+504Ch3sNKLd8=",
        "owner": "edolstra",
        "repo": "flake-compat",
        "rev": "35bb57c0c8d8b62bbfd284272c928ceb64ddbde9",
        "type": "github"
      },
      "original": {
        "owner": "edolstra",
        "repo": "flake-compat",
        "type": "github"
      }
    },
    "flake-compat_2": {
      "flake": false,
      "locked": {
        "lastModified": 1673956053,
        "narHash": "sha256-4gtG9iQuiKITOjNQQeQIpoIB6b16fm+504Ch3sNKLd8=",
        "owner": "edolstra",
        "repo": "flake-compat",
        "rev": "35bb57c0c8d8b62bbfd284272c928ceb64ddbde9",
        "type": "github"
      },
      "original": {
        "owner": "edolstra",
        "repo": "flake-compat",
        "type": "github"
      }
    },
    "flake-parts": {
      "inputs": {
        "nixpkgs-lib": "nixpkgs-lib"
      },
      "locked": {
        "lastModified": 1675933616,
        "narHash": "sha256-/rczJkJHtx16IFxMmAWu5nNYcSXNg1YYXTHoGjLrLUA=",
        "owner": "hercules-ci",
        "repo": "flake-parts",
        "rev": "47478a4a003e745402acf63be7f9a092d51b83d7",
        "type": "github"
      },
      "original": {
        "id": "flake-parts",
        "type": "indirect"
      }
    },
    "flake-utils": {
      "locked": {
        "lastModified": 1659877975,
        "narHash": "sha256-zllb8aq3YO3h8B/U0/J1WBgAL8EX5yWf5pMj3G0NAmc=",
        "owner": "numtide",
        "repo": "flake-utils",
        "rev": "c0e246b9b83f637f4681389ecabcb2681b4f3af0",
        "type": "github"
      },
      "original": {
        "owner": "numtide",
        "repo": "flake-utils",
        "type": "github"
      }
    },
    "flake-utils_2": {
      "locked": {
        "lastModified": 1676283394,
        "narHash": "sha256-XX2f9c3iySLCw54rJ/CZs+ZK6IQy7GXNY4nSOyu2QG4=",
        "owner": "numtide",
        "repo": "flake-utils",
        "rev": "3db36a8b464d0c4532ba1c7dda728f4576d6d073",
        "type": "github"
      },
      "original": {
        "owner": "numtide",
        "repo": "flake-utils",
        "type": "github"
      }
    },
    "flake-utils_3": {
      "locked": {
        "lastModified": 1676283394,
        "narHash": "sha256-XX2f9c3iySLCw54rJ/CZs+ZK6IQy7GXNY4nSOyu2QG4=",
        "owner": "numtide",
        "repo": "flake-utils",
        "rev": "3db36a8b464d0c4532ba1c7dda728f4576d6d073",
        "type": "github"
      },
      "original": {
        "owner": "numtide",
        "repo": "flake-utils",
        "type": "github"
      }
    },
    "flake-utils_4": {
      "locked": {
        "lastModified": 1667395993,
        "narHash": "sha256-nuEHfE/LcWyuSWnS8t12N1wc105Qtau+/OdUAjtQ0rA=",
        "owner": "numtide",
        "repo": "flake-utils",
        "rev": "5aed5285a952e0b949eb3ba02c12fa4fcfef535f",
        "type": "github"
      },
      "original": {
        "owner": "numtide",
        "repo": "flake-utils",
        "type": "github"
      }
    },
    "flake-utils_5": {
      "locked": {
        "lastModified": 1667395993,
        "narHash": "sha256-nuEHfE/LcWyuSWnS8t12N1wc105Qtau+/OdUAjtQ0rA=",
        "owner": "numtide",
        "repo": "flake-utils",
        "rev": "5aed5285a952e0b949eb3ba02c12fa4fcfef535f",
        "type": "github"
      },
      "original": {
        "owner": "numtide",
        "repo": "flake-utils",
        "type": "github"
      }
    },
    "flake-utils_6": {
      "locked": {
        "lastModified": 1659877975,
        "narHash": "sha256-zllb8aq3YO3h8B/U0/J1WBgAL8EX5yWf5pMj3G0NAmc=",
        "owner": "numtide",
        "repo": "flake-utils",
        "rev": "c0e246b9b83f637f4681389ecabcb2681b4f3af0",
        "type": "github"
      },
      "original": {
        "owner": "numtide",
        "repo": "flake-utils",
        "type": "github"
      }
    },
    "floating-input-src": {
      "flake": false,
      "locked": {
        "lastModified": 1676999668,
        "narHash": "sha256-XAeGMDsz1IJazVzzdPrwswbTJmcL+jgvNceb5Jq+Ejc=",
        "owner": "liangxianzhe",
        "repo": "floating-input.nvim",
        "rev": "3f9ec061dee7376e9e5f09f1a0b05bf0ef88cfce",
        "type": "github"
      },
      "original": {
        "owner": "liangxianzhe",
        "repo": "floating-input.nvim",
        "type": "github"
      }
    },
    "guess-indent-src": {
      "flake": false,
      "locked": {
        "lastModified": 1658059552,
        "narHash": "sha256-K+9gW3SIYHKtJkSvbHeT1frFGHk9zNP0oc8nrHRPy4U=",
        "owner": "NMAC427",
        "repo": "guess-indent.nvim",
        "rev": "c37467baa1a51b74ed767cbe0540fce44e03d828",
        "type": "github"
      },
      "original": {
        "owner": "NMAC427",
        "repo": "guess-indent.nvim",
        "type": "github"
      }
    },
    "leap-src": {
      "flake": false,
      "locked": {
        "lastModified": 1676565101,
        "narHash": "sha256-REKznVWUbAYgoVehh2EmouLsgDjiSu3XEuWwoLzzKlc=",
        "owner": "ggandor",
        "repo": "leap.nvim",
        "rev": "9a69febb2e5a4f5f5a55dd2d7173098fde917bc5",
        "type": "github"
      },
      "original": {
        "owner": "ggandor",
        "repo": "leap.nvim",
        "type": "github"
      }
    },
    "lldb-nix-fix": {
      "locked": {
        "lastModified": 1674009016,
        "narHash": "sha256-oHp0AXEpzNvox+atVBm8pD2lYy/UKsbJezXQ4IVKfWg=",
        "owner": "mstone",
        "repo": "nixpkgs",
        "rev": "7cc1d77de648dbb75e915dc037df78558546482d",
        "type": "github"
      },
      "original": {
        "owner": "mstone",
        "ref": "darwin-fix-vscode-lldb",
        "repo": "nixpkgs",
        "type": "github"
      }
    },
    "lsp-config-src": {
      "flake": false,
      "locked": {
        "lastModified": 1677244101,
        "narHash": "sha256-QD9CmFKjuabyzYsvooYOY8eKX8TIxcewfExrgQM2SjU=",
        "owner": "neovim",
        "repo": "nvim-lspconfig",
        "rev": "62856b20751b748841b0f3ec5a10b1e2f6a6dbc9",
        "type": "github"
      },
      "original": {
        "owner": "neovim",
        "repo": "nvim-lspconfig",
        "type": "github"
      }
    },
    "markid-src": {
      "flake": false,
      "locked": {
        "lastModified": 1668159037,
        "narHash": "sha256-yogKknoqTuL1HQKMR4MQlGziJDihfPJhi3zH4SyQ3wc=",
        "owner": "David-Kunz",
        "repo": "markid",
        "rev": "248a785900c29ee52ddf42aa096e9e3478739cb1",
        "type": "github"
      },
      "original": {
        "owner": "David-Kunz",
        "repo": "markid",
        "type": "github"
      }
    },
    "napalm": {
      "inputs": {
        "flake-utils": "flake-utils",
        "nixpkgs": "nixpkgs"
      },
      "locked": {
        "lastModified": 1672245824,
        "narHash": "sha256-i596lbPiA/Rfx3DiJiCluxdgxWY7oGSgYMT7OmM+zik=",
        "owner": "nix-community",
        "repo": "napalm",
        "rev": "7c25a05cef52dc405f4688422ce0046ca94aadcf",
        "type": "github"
      },
      "original": {
        "owner": "nix-community",
        "repo": "napalm",
        "type": "github"
      }
    },
    "neogen-src": {
      "flake": false,
      "locked": {
        "lastModified": 1676973701,
        "narHash": "sha256-P9TGfwpCXYIX7Yb6IKpG5yPLJl9oRTBr3XhimuW7Ffs=",
        "owner": "danymat",
        "repo": "neogen",
        "rev": "93d997dbddfe084e77ba4541c54a7b8bfd754fb1",
        "type": "github"
      },
      "original": {
        "owner": "danymat",
        "repo": "neogen",
        "type": "github"
      }
    },
    "neovim": {
      "inputs": {
        "flake-utils": "flake-utils_4",
        "nixpkgs": "nixpkgs_5"
      },
      "locked": {
        "dir": "contrib",
        "lastModified": 1677417626,
        "narHash": "sha256-A94lfWBqBX+AFAdPX6qrDtB8Va6FRZX0yXQwLsN19Tc=",
        "owner": "neovim",
        "repo": "neovim",
        "rev": "48990a7077bb6767f3d218907344ee7fb0bfaaff",
        "type": "github"
      },
      "original": {
        "dir": "contrib",
        "owner": "neovim",
        "repo": "neovim",
        "type": "github"
      }
    },
    "neural-src": {
      "flake": false,
      "locked": {
        "lastModified": 1677223147,
        "narHash": "sha256-argRKSLmuJPx0voqNI66+ZkpB8ozQWLbDW+/dOw8BEk=",
        "owner": "dense-analysis",
        "repo": "neural",
        "rev": "0166560f213108d61e414a4229a41a34facf35ea",
        "type": "github"
      },
      "original": {
        "owner": "dense-analysis",
        "repo": "neural",
        "type": "github"
      }
    },
    "nil": {
      "inputs": {
        "flake-utils": "flake-utils_5",
        "nixpkgs": "nixpkgs_6",
        "rust-overlay": "rust-overlay"
      },
      "locked": {
        "lastModified": 1677372766,
        "narHash": "sha256-E4VCeAa1RRAAbLpoR5OAl3M74cGDXaaJqLDcHgr8OXA=",
        "owner": "oxalica",
        "repo": "nil",
        "rev": "4825639ebaaa6bb1d2e78a275b7c84dfd536767e",
        "type": "github"
      },
      "original": {
        "owner": "oxalica",
        "repo": "nil",
        "type": "github"
      }
    },
    "nix2vim": {
      "inputs": {
        "flake-utils": "flake-utils_6",
        "nixpkgs": [
          "nixpkgs"
        ]
      },
      "locked": {
        "lastModified": 1673891598,
        "narHash": "sha256-EevceKxQtA+I0XVA8tBGKmYV1V1KbWc3gsswysMzeDk=",
        "owner": "gytis-ivaskevicius",
        "repo": "nix2vim",
        "rev": "5b31eb81e2c6c74f9e8a4911660f3bf585d55158",
        "type": "github"
      },
      "original": {
        "owner": "gytis-ivaskevicius",
        "repo": "nix2vim",
        "type": "github"
      }
    },
    "nixpkgs": {
      "locked": {
        "lastModified": 1663087123,
        "narHash": "sha256-cNIRkF/J4mRxDtNYw+9/fBNq/NOA2nCuPOa3EdIyeDs=",
        "owner": "NixOS",
        "repo": "nixpkgs",
        "rev": "9608ace7009ce5bc3aeb940095e01553e635cbc7",
        "type": "github"
      },
      "original": {
        "owner": "NixOS",
        "ref": "nixos-unstable",
        "repo": "nixpkgs",
        "type": "github"
      }
    },
    "nixpkgs-lib": {
      "locked": {
        "dir": "lib",
        "lastModified": 1675183161,
        "narHash": "sha256-Zq8sNgAxDckpn7tJo7V1afRSk2eoVbu3OjI1QklGLNg=",
        "owner": "NixOS",
        "repo": "nixpkgs",
        "rev": "e1e1b192c1a5aab2960bf0a0bd53a2e8124fa18e",
        "type": "github"
      },
      "original": {
        "dir": "lib",
        "owner": "NixOS",
        "ref": "nixos-unstable",
        "repo": "nixpkgs",
        "type": "github"
      }
    },
    "nixpkgs_2": {
      "locked": {
        "lastModified": 1675763311,
        "narHash": "sha256-bz0Q2H3mxsF1CUfk26Sl9Uzi8/HFjGFD/moZHz1HebU=",
        "owner": "NixOS",
        "repo": "nixpkgs",
        "rev": "fab09085df1b60d6a0870c8a89ce26d5a4a708c2",
        "type": "github"
      },
      "original": {
        "owner": "NixOS",
        "ref": "nixos-unstable",
        "repo": "nixpkgs",
        "type": "github"
      }
    },
    "nixpkgs_3": {
      "locked": {
        "lastModified": 1675545634,
        "narHash": "sha256-TbQeQcM5TA/wIho6xtzG+inUfiGzUXi8ewwttiQWYJE=",
        "owner": "nixos",
        "repo": "nixpkgs",
        "rev": "0591d6b57bfeb55dfeec99a671843337bc2c3323",
        "type": "github"
      },
      "original": {
        "owner": "nixos",
        "ref": "nixos-unstable",
        "repo": "nixpkgs",
        "type": "github"
      }
    },
    "nixpkgs_4": {
      "locked": {
        "lastModified": 1676150441,
        "narHash": "sha256-Nfeua9Ua/dGHOQpzOjLtkyMyW/ysQCvZJ9Dd74QQSNk=",
        "owner": "NixOS",
        "repo": "nixpkgs",
        "rev": "6d87734c880d704f6ee13e5c0fe835b98918c34e",
        "type": "github"
      },
      "original": {
        "owner": "NixOS",
        "ref": "nixpkgs-unstable",
        "repo": "nixpkgs",
        "type": "github"
      }
    },
    "nixpkgs_5": {
      "locked": {
        "lastModified": 1671983799,
        "narHash": "sha256-Z2Ro6hFPZHkBqkVXY5/aBUzxi5xizQGvuHQ9+T5B/ks=",
        "owner": "nixos",
        "repo": "nixpkgs",
        "rev": "fad51abd42ca17a60fc1d4cb9382e2d79ae31836",
        "type": "github"
      },
      "original": {
        "owner": "nixos",
        "ref": "nixos-unstable",
        "repo": "nixpkgs",
        "type": "github"
      }
    },
    "nixpkgs_6": {
      "locked": {
        "lastModified": 1675309347,
        "narHash": "sha256-D3CQ6HRDT2m3XJlrzb5jKq4vNFR5xFTEFKC7iSjlFpM=",
        "owner": "nixos",
        "repo": "nixpkgs",
        "rev": "006c3bd4dd2f5d1d2094047f307cbf9e2b73d9c5",
        "type": "github"
      },
      "original": {
        "owner": "nixos",
        "ref": "nixpkgs-unstable",
        "repo": "nixpkgs",
        "type": "github"
      }
    },
    "nixpkgs_7": {
      "locked": {
        "lastModified": 1677416845,
        "narHash": "sha256-egFI0sBdu/UUwer8KRdyAoof4oE3+v05x2sntkF9eiY=",
        "owner": "nixos",
        "repo": "nixpkgs",
        "rev": "94d78e46ede53556fe359a0a9731990b985fbe7a",
        "type": "github"
      },
      "original": {
        "owner": "nixos",
        "ref": "master",
        "repo": "nixpkgs",
        "type": "github"
      }
    },
    "node-type-nvim-src": {
      "flake": false,
      "locked": {
        "lastModified": 1676449371,
        "narHash": "sha256-hcpfx5U8BrUYX4yzdWyENCZm9DQnN/cmc/M5zdERbTY=",
        "owner": "roobert",
        "repo": "node-type.nvim",
        "rev": "e9feba6c01aca3ed0bb473f4c58a38ae4f771809",
        "type": "github"
      },
      "original": {
        "owner": "roobert",
        "repo": "node-type.nvim",
        "type": "github"
      }
    },
    "nui-nvim-src": {
      "flake": false,
      "locked": {
        "lastModified": 1675269986,
        "narHash": "sha256-4vf+eqT7e638VeWfmh23K8EslJXyR6ZK6arvaeVgWlw=",
        "owner": "muniftanjim",
        "repo": "nui.nvim",
        "rev": "d147222a1300901656f3ebd5b95f91732785a329",
        "type": "github"
      },
      "original": {
        "owner": "muniftanjim",
        "repo": "nui.nvim",
        "type": "github"
      }
    },
    "nvim-async-src": {
      "flake": false,
      "locked": {
        "lastModified": 1675246102,
        "narHash": "sha256-ozjg+CkuypwEV3uErDszADpnfM1YujfapUS6dFahp4k=",
        "owner": "kevinhwang91",
        "repo": "promise-async",
        "rev": "7fa127fa80e7d4d447e0e2c78e99af4355f4247b",
        "type": "github"
      },
      "original": {
        "owner": "kevinhwang91",
        "repo": "promise-async",
        "type": "github"
      }
    },
    "nvim-autopairs-src": {
      "flake": false,
      "locked": {
        "lastModified": 1677213588,
        "narHash": "sha256-6XVJQnXgvD/TasbXrZkF6hNzgqMG35VYRPcMWDE2qEU=",
        "owner": "windwp",
        "repo": "nvim-autopairs",
        "rev": "6a5faeabdbcc86cfbf1561ae430a451a72126e81",
        "type": "github"
      },
      "original": {
        "owner": "windwp",
        "repo": "nvim-autopairs",
        "type": "github"
      }
    },
    "nvim-cmp": {
      "flake": false,
      "locked": {
        "lastModified": 1677209016,
        "narHash": "sha256-vdKdwszsQudKlndVoQud0DIpQo9ZYz1QvnpaAaQayTM=",
        "owner": "hrsh7th",
        "repo": "nvim-cmp",
        "rev": "7a3b1e76f74934b12fda82158237c6ad8bfd3d40",
        "type": "github"
      },
      "original": {
        "owner": "hrsh7th",
        "repo": "nvim-cmp",
        "type": "github"
      }
    },
    "nvim-dap-src": {
      "flake": false,
      "locked": {
        "lastModified": 1677396498,
        "narHash": "sha256-BzKbtHo0hv2R1In3lK+bmbNZVOf8Ah8/zpVjH1SKX7Q=",
        "owner": "mfussenegger",
        "repo": "nvim-dap",
        "rev": "5b986edc95cf7b37da1db91a5c149daa3ac008d2",
        "type": "github"
      },
      "original": {
        "owner": "mfussenegger",
        "repo": "nvim-dap",
        "type": "github"
      }
    },
    "nvim-dap-ui-src": {
      "flake": false,
      "locked": {
        "lastModified": 1677143704,
        "narHash": "sha256-hFiIAS8DwUO+89UUi6HftoxV/zoAuImL99nbHCtrhdA=",
        "owner": "rcarriga",
        "repo": "nvim-dap-ui",
        "rev": "bdb94e3853d11b5ce98ec182e5a3719d5c0ef6fd",
        "type": "github"
      },
      "original": {
        "owner": "rcarriga",
        "repo": "nvim-dap-ui",
        "type": "github"
      }
    },
    "nvim-dap-virtual-text-src": {
      "flake": false,
      "locked": {
        "lastModified": 1676453799,
        "narHash": "sha256-PaIwpCkevGIWwTOqGIj6t66tjGh+5ndroGfb77TWwxw=",
        "owner": "theHamsta",
        "repo": "nvim-dap-virtual-text",
        "rev": "8db23ea51203b5f00ad107a0cef7e0b2d7a0476c",
        "type": "github"
      },
      "original": {
        "owner": "theHamsta",
        "repo": "nvim-dap-virtual-text",
        "type": "github"
      }
    },
    "nvim-hs-source": {
      "flake": false,
      "locked": {
        "lastModified": 1675633002,
        "narHash": "sha256-+oloouRfR0vexob6z7U9t+pHqt2qCE810JiGKb3m6NQ=",
        "owner": "neovimhaskell",
        "repo": "nvim-hs",
        "rev": "eaf826d4156b0281ef7ce9dec35ba720b5c45f09",
        "type": "github"
      },
      "original": {
        "owner": "neovimhaskell",
        "repo": "nvim-hs",
        "rev": "eaf826d4156b0281ef7ce9dec35ba720b5c45f09",
        "type": "github"
      }
    },
    "nvim-trailblazer-src": {
      "flake": false,
      "locked": {
        "lastModified": 1677340031,
        "narHash": "sha256-H5ooHE5tC6UZhcDSQpY441TOG5ZMV4kxc3SfKpMtCXQ=",
        "owner": "LeonHeidelbach",
        "repo": "trailblazer.nvim",
        "rev": "5276270cbcf73146659054987afa8338926d5db5",
        "type": "github"
      },
      "original": {
        "owner": "LeonHeidelbach",
        "repo": "trailblazer.nvim",
        "type": "github"
      }
    },
    "nvim-ufo-src": {
      "flake": false,
      "locked": {
        "lastModified": 1675403669,
        "narHash": "sha256-24vA7J6uStq74wAEUKIw6HlEzAs67w15KXUIRqvgo7s=",
        "owner": "kevinhwang91",
        "repo": "nvim-ufo",
        "rev": "b70c9ef0f8e2673a11387a39185ff249e00df19f",
        "type": "github"
      },
      "original": {
        "owner": "kevinhwang91",
        "repo": "nvim-ufo",
        "type": "github"
      }
    },
    "plenary-nvim-src": {
      "flake": false,
      "locked": {
        "lastModified": 1676797549,
        "narHash": "sha256-z5JHuQcF1EvySnRBywl6EOrp8aRO0nd2dnkXJg2ge58=",
        "owner": "nvim-lua",
        "repo": "plenary.nvim",
        "rev": "253d34830709d690f013daf2853a9d21ad7accab",
        "type": "github"
      },
      "original": {
        "owner": "nvim-lua",
        "repo": "plenary.nvim",
        "type": "github"
      }
    },
    "quick-scope-src": {
      "flake": false,
      "locked": {
        "lastModified": 1653690622,
        "narHash": "sha256-MfqxI8CXmVXn3ZAyZqCufgZ690GTuy6PMgKTPVBuNm4=",
        "owner": "unblevable",
        "repo": "quick-scope",
        "rev": "428e8698347f254d24b248af9f656194a80081e5",
        "type": "github"
      },
      "original": {
        "owner": "unblevable",
        "repo": "quick-scope",
        "type": "github"
      }
    },
    "root": {
      "inputs": {
        "blamer-nvim-src": "blamer-nvim-src",
        "chatgpt-nvim-src": "chatgpt-nvim-src",
        "cmp-buffer": "cmp-buffer",
        "cmp-dap-src": "cmp-dap-src",
        "cmp-nvim-lsp": "cmp-nvim-lsp",
        "codium-nvim-src": "codium-nvim-src",
        "colorizer-src": "colorizer-src",
        "comment-nvim-src": "comment-nvim-src",
        "conceal-src": "conceal-src",
        "conjure-src": "conjure-src",
        "copilot-cmp-src": "copilot-cmp-src",
        "copilot-lua-src": "copilot-lua-src",
        "copilot-vim-src": "copilot-vim-src",
        "coq-lsp": "coq-lsp",
        "cornelis": "cornelis",
        "dracula-nvim": "dracula-nvim",
        "fidget-src": "fidget-src",
        "flake-utils": "flake-utils_3",
        "floating-input-src": "floating-input-src",
        "guess-indent-src": "guess-indent-src",
        "leap-src": "leap-src",
        "lldb-nix-fix": "lldb-nix-fix",
        "lsp-config-src": "lsp-config-src",
        "markid-src": "markid-src",
        "neogen-src": "neogen-src",
        "neovim": "neovim",
        "neural-src": "neural-src",
        "nil": "nil",
        "nix2vim": "nix2vim",
        "nixpkgs": "nixpkgs_7",
        "node-type-nvim-src": "node-type-nvim-src",
        "nui-nvim-src": "nui-nvim-src",
        "nvim-async-src": "nvim-async-src",
        "nvim-autopairs-src": "nvim-autopairs-src",
        "nvim-cmp": "nvim-cmp",
        "nvim-dap-src": "nvim-dap-src",
        "nvim-dap-ui-src": "nvim-dap-ui-src",
        "nvim-dap-virtual-text-src": "nvim-dap-virtual-text-src",
        "nvim-trailblazer-src": "nvim-trailblazer-src",
        "nvim-ufo-src": "nvim-ufo-src",
        "plenary-nvim-src": "plenary-nvim-src",
        "quick-scope-src": "quick-scope-src",
        "rust-tools-src": "rust-tools-src",
        "significant-nvim-src": "significant-nvim-src",
        "telescope-dap-nvim-src": "telescope-dap-nvim-src",
        "telescope-src": "telescope-src",
        "telescope-ui-select-src": "telescope-ui-select-src",
        "terraform-ls-src": "terraform-ls-src",
        "ts-node-action-src": "ts-node-action-src",
        "vim-illuminate-src": "vim-illuminate-src",
        "which-key-src": "which-key-src",
        "wilder-nvim-src": "wilder-nvim-src"
      }
    },
    "rust-overlay": {
      "inputs": {
        "flake-utils": [
          "nil",
          "flake-utils"
        ],
        "nixpkgs": [
          "nil",
          "nixpkgs"
        ]
      },
      "locked": {
        "lastModified": 1675391458,
        "narHash": "sha256-ukDKZw922BnK5ohL9LhwtaDAdCsJL7L6ScNEyF1lO9w=",
        "owner": "oxalica",
        "repo": "rust-overlay",
        "rev": "383a4acfd11d778d5c2efcf28376cbd845eeaedf",
        "type": "github"
      },
      "original": {
        "owner": "oxalica",
        "repo": "rust-overlay",
        "type": "github"
      }
    },
    "rust-tools-src": {
      "flake": false,
      "locked": {
        "lastModified": 1676929960,
        "narHash": "sha256-Cuk/vdoviB9ibt2rrkNRmNFy4S+6czhbExmIjTJRdZM=",
        "owner": "simrat39",
        "repo": "rust-tools.nvim",
        "rev": "71d2cf67b5ed120a0e31b2c8adb210dd2834242f",
        "type": "github"
      },
      "original": {
        "owner": "simrat39",
        "repo": "rust-tools.nvim",
        "type": "github"
      }
    },
    "significant-nvim-src": {
      "flake": false,
      "locked": {
        "lastModified": 1664368712,
        "narHash": "sha256-YOYySTU6PhnMqnYVKjbO8vQfTCz04Z5gC1+3aHppbc0=",
        "owner": "elpiloto",
        "repo": "significant.nvim",
        "rev": "5450e9d5917dc6aa9afb0fcbe32355799b8303fb",
        "type": "github"
      },
      "original": {
        "owner": "elpiloto",
        "repo": "significant.nvim",
        "type": "github"
      }
    },
    "telescope-dap-nvim-src": {
      "flake": false,
      "locked": {
        "lastModified": 1669979517,
        "narHash": "sha256-9T7O02ieM/If07bSbGcJQFD8oWv2Pg5S+uv2BcardTY=",
        "owner": "nvim-telescope",
        "repo": "telescope-dap.nvim",
        "rev": "313d2ea12ae59a1ca51b62bf01fc941a983d9c9c",
        "type": "github"
      },
      "original": {
        "owner": "nvim-telescope",
        "repo": "telescope-dap.nvim",
        "type": "github"
      }
    },
    "telescope-src": {
      "flake": false,
      "locked": {
        "lastModified": 1677414372,
        "narHash": "sha256-QmyVJ/LZFtb/qqD5Q5fHsqAGgqaOT9XkVoLyOcqM14w=",
        "owner": "nvim-telescope",
        "repo": "telescope.nvim",
        "rev": "a3f17d3baf70df58b9d3544ea30abe52a7a832c2",
        "type": "github"
      },
      "original": {
        "owner": "nvim-telescope",
        "repo": "telescope.nvim",
        "type": "github"
      }
    },
    "telescope-ui-select-src": {
      "flake": false,
      "locked": {
        "lastModified": 1651305900,
        "narHash": "sha256-/JM2KX70JXa3sydrUj13Vd4rRwhn3VrdW7qLLHqIqyY=",
        "owner": "nvim-telescope",
        "repo": "telescope-ui-select.nvim",
        "rev": "62ea5e58c7bbe191297b983a9e7e89420f581369",
        "type": "github"
      },
      "original": {
        "owner": "nvim-telescope",
        "repo": "telescope-ui-select.nvim",
        "type": "github"
      }
    },
    "terraform-ls-src": {
      "flake": false,
      "locked": {
        "lastModified": 1677257047,
        "narHash": "sha256-DIxLHZctn225wbVzNWxlG20NsauamiMDkEEntewAgRY=",
        "owner": "hashicorp",
        "repo": "terraform-ls",
        "rev": "6e43a42a3a84692d812d222d46358334e4038cec",
        "type": "github"
      },
      "original": {
        "owner": "hashicorp",
        "repo": "terraform-ls",
        "type": "github"
      }
    },
    "treefmt": {
      "inputs": {
        "nixpkgs": "nixpkgs_3"
      },
      "locked": {
        "lastModified": 1675939481,
        "narHash": "sha256-LwwcWeyExA02GGn8QCQfZjft+blg101OXBQWglCqPVA=",
        "owner": "numtide",
        "repo": "treefmt-nix",
        "rev": "e9033eca3d7139fd499f310023ddc3bb5abff515",
        "type": "github"
      },
      "original": {
        "owner": "numtide",
        "repo": "treefmt-nix",
        "type": "github"
      }
    },
    "ts-node-action-src": {
      "flake": false,
      "locked": {
        "lastModified": 1677273144,
        "narHash": "sha256-eXTN1mApSdiVgcd+jFmnBx6/pPxmhyEQR01AjEAOQfk=",
        "owner": "CKolkey",
        "repo": "ts-node-action",
        "rev": "6bc45ed4460b2be86ec66a06041138c584564db8",
        "type": "github"
      },
      "original": {
        "owner": "CKolkey",
        "repo": "ts-node-action",
        "type": "github"
      }
    },
    "vim-illuminate-src": {
      "flake": false,
      "locked": {
        "lastModified": 1675991700,
        "narHash": "sha256-jl4hV9AXKzLJ8kl/GLZr3zWILLpTpD6wcmpquig2hZQ=",
        "owner": "RRethy",
        "repo": "vim-illuminate",
        "rev": "49062ab1dd8fec91833a69f0a1344223dd59d643",
        "type": "github"
      },
      "original": {
        "owner": "RRethy",
        "repo": "vim-illuminate",
        "type": "github"
      }
    },
    "which-key-src": {
      "flake": false,
      "locked": {
        "lastModified": 1651651877,
        "narHash": "sha256-UoV9H3oVJL1BPmuG+/eU4cG1s7thOrcrPyat9npBxm0=",
        "owner": "folke",
        "repo": "which-key.nvim",
        "rev": "bd4411a2ed4dd8bb69c125e339d837028a6eea71",
        "type": "github"
      },
      "original": {
        "owner": "folke",
        "ref": "bd4411a2ed4dd8bb69c125e339d837028a6eea71",
        "repo": "which-key.nvim",
        "type": "github"
      }
    },
    "wilder-nvim-src": {
      "flake": false,
      "locked": {
        "lastModified": 1660357399,
        "narHash": "sha256-jbLwoZLD6jL9QMIuUXiCbA4nP0Caw+iiHuCCGaxLZQU=",
        "owner": "gelguy",
        "repo": "wilder.nvim",
        "rev": "679f348dc90d80ff9ba0e7c470c40a4d038dcecf",
        "type": "github"
      },
      "original": {
        "owner": "gelguy",
        "repo": "wilder.nvim",
        "type": "github"
      }
    }
  },
  "root": "root",
  "version": 7
}
