{
  "nodes": {
    "agda": {
      "inputs": {
        "flake-utils": [
          "cornelis",
          "flake-utils"
        ],
        "nixpkgs": [
          "cornelis",
          "nixpkgs"
        ]
      },
      "locked": {
        "lastModified": 1676292415,
        "narHash": "sha256-HEWxwLLZB7yAAa4QROH60yHMXgUDMJG6DvZaF1ho26w=",
        "owner": "agda",
        "repo": "agda",
        "rev": "8d4416a462719bffbf21617b9f2fa00234e185ac",
        "type": "github"
      },
      "original": {
        "owner": "agda",
        "repo": "agda",
        "rev": "8d4416a462719bffbf21617b9f2fa00234e185ac",
        "type": "github"
      }
    },
    "agda-stdlib-source": {
      "flake": false,
      "locked": {
        "lastModified": 1675217091,
        "narHash": "sha256-vvbyfC5+Yyx18IDikSbAAcTHHtU6krlz45Fd2YlwsBg=",
        "owner": "agda",
        "repo": "agda-stdlib",
        "rev": "b2e6385c1636897dbee0b10f7194376ff2c1753b",
        "type": "github"
      },
      "original": {
        "owner": "agda",
        "ref": "v1.7.2",
        "repo": "agda-stdlib",
        "type": "github"
      }
    },
    "blamer-nvim-src": {
      "flake": false,
      "locked": {
        "lastModified": 1637136495,
        "narHash": "sha256-etLCmzOMi7xjYc43ZBqjPnj2gqrrSbmtcKdw6eZT8rM=",
        "owner": "APZelos",
        "repo": "blamer.nvim",
        "rev": "f4eb22a9013642c411725fdda945ae45f8d93181",
        "type": "github"
      },
      "original": {
        "owner": "APZelos",
        "repo": "blamer.nvim",
        "type": "github"
      }
    },
    "chatgpt-nvim-src": {
      "flake": false,
      "locked": {
        "lastModified": 1680803059,
        "narHash": "sha256-vn6FaqlEmiBsSuq+OKGHLj5W9TVNrO6bR1EMHM9Pykk=",
        "owner": "jackMort",
        "repo": "ChatGPT.nvim",
        "rev": "3ea19ba666e226ac33c8e00c7bf99e81931d7c86",
        "type": "github"
      },
      "original": {
        "owner": "jackMort",
        "repo": "ChatGPT.nvim",
        "type": "github"
      }
    },
    "cmp-buffer": {
      "flake": false,
      "locked": {
        "lastModified": 1660101488,
        "narHash": "sha256-dG4U7MtnXThoa/PD+qFtCt76MQ14V1wX8GMYcvxEnbM=",
        "owner": "hrsh7th",
        "repo": "cmp-buffer",
        "rev": "3022dbc9166796b644a841a02de8dd1cc1d311fa",
        "type": "github"
      },
      "original": {
        "owner": "hrsh7th",
        "repo": "cmp-buffer",
        "type": "github"
      }
    },
    "cmp-dap-src": {
      "flake": false,
      "locked": {
        "lastModified": 1668340530,
        "narHash": "sha256-w+gGaZxXjb2B0dMXhfduEQKtO5CmQnuUdh4otpcsFuc=",
        "owner": "rcarriga",
        "repo": "cmp-dap",
        "rev": "d16f14a210cd28988b97ca8339d504533b7e09a4",
        "type": "github"
      },
      "original": {
        "owner": "rcarriga",
        "repo": "cmp-dap",
        "type": "github"
      }
    },
    "cmp-nvim-lsp": {
      "flake": false,
      "locked": {
        "lastModified": 1675708067,
        "narHash": "sha256-DxpcPTBlvVP88PDoTheLV2fC76EXDqS2UpM5mAfj/D4=",
        "owner": "hrsh7th",
        "repo": "cmp-nvim-lsp",
        "rev": "0e6b2ed705ddcff9738ec4ea838141654f12eeef",
        "type": "github"
      },
      "original": {
        "owner": "hrsh7th",
        "repo": "cmp-nvim-lsp",
        "type": "github"
      }
    },
    "codium-nvim-src": {
      "flake": false,
      "locked": {
        "lastModified": 1680977272,
        "narHash": "sha256-KKYZn4U/kxuNEojxK5tAXANYq0QesQZuZqUAQ7tLrfo=",
        "owner": "jcdickinson",
        "repo": "codeium.nvim",
        "rev": "0232fcc2864b25563f7759f6babf732447f14e0c",
        "type": "github"
      },
      "original": {
        "owner": "jcdickinson",
        "repo": "codeium.nvim",
        "type": "github"
      }
    },
    "colorizer-src": {
      "flake": false,
      "locked": {
        "lastModified": 1554648757,
        "narHash": "sha256-N7UVzk/XUX76XcPHds+lLMZzO7gahj/9LIfof2BPThc=",
        "owner": "powerman",
        "repo": "vim-plugin-AnsiEsc",
        "rev": "690f820d20b6e3a79ba20499874eb7333aa4ca5c",
        "type": "github"
      },
      "original": {
        "owner": "powerman",
        "repo": "vim-plugin-AnsiEsc",
        "type": "github"
      }
    },
    "comment-nvim-src": {
      "flake": false,
      "locked": {
        "lastModified": 1678452935,
        "narHash": "sha256-mVJJJ9fUJYgVyGZnW8e6P5QWB0K8nuhTwSWzlBvxv2M=",
        "owner": "numToStr",
        "repo": "Comment.nvim",
        "rev": "8d3aa5c22c2d45e788c7a5fe13ad77368b783c20",
        "type": "github"
      },
      "original": {
        "owner": "numToStr",
        "repo": "Comment.nvim",
        "type": "github"
      }
    },
    "conceal-src": {
      "flake": false,
      "locked": {
        "lastModified": 1478179438,
        "narHash": "sha256-yeId7EXZZl3n/icngGgsj0Db3Gxgq53daby6iq4MpvU=",
        "owner": "ticki",
        "repo": "rust-cute-vim",
        "rev": "ad22be8aece24a792f274e521107fe49c41f9751",
        "type": "github"
      },
      "original": {
        "owner": "ticki",
        "repo": "rust-cute-vim",
        "type": "github"
      }
    },
    "conjure-src": {
      "flake": false,
      "locked": {
        "lastModified": 1679831670,
        "narHash": "sha256-CzfrXiEIkKcCmONjKgTsjxMGXVGfxKn1608eJoWvykg=",
        "owner": "Olical",
        "repo": "conjure",
        "rev": "51936288d182a677fcb808e660081ad7e9ecd4ec",
        "type": "github"
      },
      "original": {
        "owner": "Olical",
        "repo": "conjure",
        "type": "github"
      }
    },
    "coq-lsp": {
      "inputs": {
        "coq-serapi": "coq-serapi",
        "flake-compat": "flake-compat",
        "flake-parts": "flake-parts",
        "napalm": "napalm",
        "nixpkgs": "nixpkgs_2",
        "treefmt": "treefmt"
      },
      "locked": {
        "lastModified": 1680875038,
        "narHash": "sha256-vWxvpb18IRge6+pipWnh7hTXtXi7m3yyCzXa5ggSR1c=",
        "ref": "main",
        "rev": "aae183a64fa62498b19c10e85959e89bbdd28fb3",
        "revCount": 886,
        "submodules": true,
        "type": "git",
        "url": "https://github.com/ejgallego/coq-lsp"
      },
      "original": {
        "ref": "main",
        "submodules": true,
        "type": "git",
        "url": "https://github.com/ejgallego/coq-lsp"
      }
    },
    "coq-serapi": {
      "flake": false,
      "locked": {
        "lastModified": 1673473454,
        "narHash": "sha256-ZeKkbEcTfe/5X/pW+Kl4Xjcj3cdZcs06LTg4dZIuHq8=",
        "owner": "ejgallego",
        "repo": "coq-serapi",
        "rev": "79880d37705b6ec08108f5e6044fd7a128923753",
        "type": "github"
      },
      "original": {
        "owner": "ejgallego",
        "ref": "v8.17",
        "repo": "coq-serapi",
        "type": "github"
      }
    },
    "cornelis": {
      "inputs": {
        "agda": "agda",
        "agda-stdlib-source": "agda-stdlib-source",
        "flake-compat": "flake-compat_2",
        "flake-utils": "flake-utils_2",
        "nixpkgs": "nixpkgs_4",
        "nvim-hs-source": "nvim-hs-source"
      },
      "locked": {
        "lastModified": 1677449180,
        "narHash": "sha256-rhtwfg5dhxoc5VA760tKdLVkSofTbOEb0xV9V+qYIDg=",
        "owner": "isovector",
        "repo": "cornelis",
        "rev": "bfada15978fc7c0f0797ec3977c5069be4a22b0e",
        "type": "github"
      },
      "original": {
        "owner": "isovector",
        "repo": "cornelis",
        "type": "github"
      }
    },
    "dracula-nvim": {
      "flake": false,
      "locked": {
        "lastModified": 1680215271,
        "narHash": "sha256-f8zgWs0qmRjYAAfQsrNNYrmvFd2rjVnGwwdZu1pBJ58=",
        "owner": "Mofiqul",
        "repo": "dracula.nvim",
        "rev": "8653e7699810b63bda8ef267055cb4d4237670ef",
        "type": "github"
      },
      "original": {
        "owner": "Mofiqul",
        "repo": "dracula.nvim",
        "type": "github"
      }
    },
    "fidget-src": {
      "flake": false,
      "locked": {
        "lastModified": 1679938700,
        "narHash": "sha256-rmJgfrEr/PYBq0S7j3tzRZvxi7PMMaAo0k528miXOQc=",
        "owner": "j-hui",
        "repo": "fidget.nvim",
        "rev": "0ba1e16d07627532b6cae915cc992ecac249fb97",
        "type": "github"
      },
      "original": {
        "owner": "j-hui",
        "repo": "fidget.nvim",
        "type": "github"
      }
    },
    "flake-compat": {
      "flake": false,
      "locked": {
        "lastModified": 1673956053,
        "narHash": "sha256-4gtG9iQuiKITOjNQQeQIpoIB6b16fm+504Ch3sNKLd8=",
        "owner": "edolstra",
        "repo": "flake-compat",
        "rev": "35bb57c0c8d8b62bbfd284272c928ceb64ddbde9",
        "type": "github"
      },
      "original": {
        "owner": "edolstra",
        "repo": "flake-compat",
        "type": "github"
      }
    },
    "flake-compat_2": {
      "flake": false,
      "locked": {
        "lastModified": 1673956053,
        "narHash": "sha256-4gtG9iQuiKITOjNQQeQIpoIB6b16fm+504Ch3sNKLd8=",
        "owner": "edolstra",
        "repo": "flake-compat",
        "rev": "35bb57c0c8d8b62bbfd284272c928ceb64ddbde9",
        "type": "github"
      },
      "original": {
        "owner": "edolstra",
        "repo": "flake-compat",
        "type": "github"
      }
    },
    "flake-compat_3": {
      "flake": false,
      "locked": {
        "lastModified": 1673956053,
        "narHash": "sha256-4gtG9iQuiKITOjNQQeQIpoIB6b16fm+504Ch3sNKLd8=",
        "owner": "edolstra",
        "repo": "flake-compat",
        "rev": "35bb57c0c8d8b62bbfd284272c928ceb64ddbde9",
        "type": "github"
      },
      "original": {
        "owner": "edolstra",
        "repo": "flake-compat",
        "type": "github"
      }
    },
    "flake-parts": {
      "inputs": {
        "nixpkgs-lib": "nixpkgs-lib"
      },
      "locked": {
        "lastModified": 1675933616,
        "narHash": "sha256-/rczJkJHtx16IFxMmAWu5nNYcSXNg1YYXTHoGjLrLUA=",
        "owner": "hercules-ci",
        "repo": "flake-parts",
        "rev": "47478a4a003e745402acf63be7f9a092d51b83d7",
        "type": "github"
      },
      "original": {
        "id": "flake-parts",
        "type": "indirect"
      }
    },
    "flake-parts_2": {
      "inputs": {
        "nixpkgs-lib": "nixpkgs-lib_2"
      },
      "locked": {
        "lastModified": 1675295133,
        "narHash": "sha256-dU8fuLL98WFXG0VnRgM00bqKX6CEPBLybhiIDIgO45o=",
        "owner": "hercules-ci",
        "repo": "flake-parts",
        "rev": "bf53492df08f3178ce85e0c9df8ed8d03c030c9f",
        "type": "github"
      },
      "original": {
        "owner": "hercules-ci",
        "repo": "flake-parts",
        "type": "github"
      }
    },
    "flake-utils": {
      "locked": {
        "lastModified": 1659877975,
        "narHash": "sha256-zllb8aq3YO3h8B/U0/J1WBgAL8EX5yWf5pMj3G0NAmc=",
        "owner": "numtide",
        "repo": "flake-utils",
        "rev": "c0e246b9b83f637f4681389ecabcb2681b4f3af0",
        "type": "github"
      },
      "original": {
        "owner": "numtide",
        "repo": "flake-utils",
        "type": "github"
      }
    },
    "flake-utils_2": {
      "locked": {
        "lastModified": 1676283394,
        "narHash": "sha256-XX2f9c3iySLCw54rJ/CZs+ZK6IQy7GXNY4nSOyu2QG4=",
        "owner": "numtide",
        "repo": "flake-utils",
        "rev": "3db36a8b464d0c4532ba1c7dda728f4576d6d073",
        "type": "github"
      },
      "original": {
        "owner": "numtide",
        "repo": "flake-utils",
        "type": "github"
      }
    },
    "flake-utils_3": {
      "inputs": {
        "systems": "systems"
      },
      "locked": {
        "lastModified": 1681037374,
        "narHash": "sha256-XL6X3VGbEFJZDUouv2xpKg2Aljzu/etPLv5e1FPt1q0=",
        "owner": "numtide",
        "repo": "flake-utils",
        "rev": "033b9f258ca96a10e543d4442071f614dc3f8412",
        "type": "github"
      },
      "original": {
        "owner": "numtide",
        "repo": "flake-utils",
        "type": "github"
      }
    },
    "flake-utils_4": {
      "locked": {
        "lastModified": 1667395993,
        "narHash": "sha256-nuEHfE/LcWyuSWnS8t12N1wc105Qtau+/OdUAjtQ0rA=",
        "owner": "numtide",
        "repo": "flake-utils",
        "rev": "5aed5285a952e0b949eb3ba02c12fa4fcfef535f",
        "type": "github"
      },
      "original": {
        "owner": "numtide",
        "repo": "flake-utils",
        "type": "github"
      }
    },
    "flake-utils_5": {
      "locked": {
        "lastModified": 1678901627,
        "narHash": "sha256-U02riOqrKKzwjsxc/400XnElV+UtPUQWpANPlyazjH0=",
        "owner": "numtide",
        "repo": "flake-utils",
        "rev": "93a2b84fc4b70d9e089d029deacc3583435c2ed6",
        "type": "github"
      },
      "original": {
        "owner": "numtide",
        "repo": "flake-utils",
        "type": "github"
      }
    },
    "flake-utils_6": {
      "locked": {
        "lastModified": 1659877975,
        "narHash": "sha256-zllb8aq3YO3h8B/U0/J1WBgAL8EX5yWf5pMj3G0NAmc=",
        "owner": "numtide",
        "repo": "flake-utils",
        "rev": "c0e246b9b83f637f4681389ecabcb2681b4f3af0",
        "type": "github"
      },
      "original": {
        "owner": "numtide",
        "repo": "flake-utils",
        "type": "github"
      }
    },
    "flake-utils_7": {
      "locked": {
        "lastModified": 1667395993,
        "narHash": "sha256-nuEHfE/LcWyuSWnS8t12N1wc105Qtau+/OdUAjtQ0rA=",
        "owner": "numtide",
        "repo": "flake-utils",
        "rev": "5aed5285a952e0b949eb3ba02c12fa4fcfef535f",
        "type": "github"
      },
      "original": {
        "owner": "numtide",
        "repo": "flake-utils",
        "type": "github"
      }
    },
    "flake-utils_8": {
      "locked": {
        "lastModified": 1659877975,
        "narHash": "sha256-zllb8aq3YO3h8B/U0/J1WBgAL8EX5yWf5pMj3G0NAmc=",
        "owner": "numtide",
        "repo": "flake-utils",
        "rev": "c0e246b9b83f637f4681389ecabcb2681b4f3af0",
        "type": "github"
      },
      "original": {
        "owner": "numtide",
        "repo": "flake-utils",
        "type": "github"
      }
    },
    "floating-input-src": {
      "flake": false,
      "locked": {
        "lastModified": 1679001493,
        "narHash": "sha256-+qgd9tbiTOM3D4T8oE02+tJ9DHxLKUXeK1u35XY8q9Y=",
        "owner": "liangxianzhe",
        "repo": "floating-input.nvim",
        "rev": "4d99fdffc46c1f136c720660e16ac364950d1abd",
        "type": "github"
      },
      "original": {
        "owner": "liangxianzhe",
        "repo": "floating-input.nvim",
        "type": "github"
      }
    },
    "gitignore": {
      "inputs": {
        "nixpkgs": [
          "sg-nvim-src",
          "pre-commit-nix",
          "nixpkgs"
        ]
      },
      "locked": {
        "lastModified": 1660459072,
        "narHash": "sha256-8DFJjXG8zqoONA1vXtgeKXy68KdJL5UaXR8NtVMUbx8=",
        "owner": "hercules-ci",
        "repo": "gitignore.nix",
        "rev": "a20de23b925fd8264fd7fad6454652e142fd7f73",
        "type": "github"
      },
      "original": {
        "owner": "hercules-ci",
        "repo": "gitignore.nix",
        "type": "github"
      }
    },
    "guess-indent-src": {
      "flake": false,
      "locked": {
        "lastModified": 1680539465,
        "narHash": "sha256-fqQfyUaQBcVZ7bcFeWbLyse9spw97Dqt/B4JGPnaYcQ=",
        "owner": "NMAC427",
        "repo": "guess-indent.nvim",
        "rev": "b8ae749fce17aa4c267eec80a6984130b94f80b2",
        "type": "github"
      },
      "original": {
        "owner": "NMAC427",
        "repo": "guess-indent.nvim",
        "type": "github"
      }
    },
    "leap-src": {
      "flake": false,
      "locked": {
        "lastModified": 1678823512,
        "narHash": "sha256-bzmsib8Qr2Whu1FqHzvrsIfSKf/CFutsaM3Sz8gaTLo=",
        "owner": "ggandor",
        "repo": "leap.nvim",
        "rev": "f74473d23ebf60957e0db3ff8172349a82e5a442",
        "type": "github"
      },
      "original": {
        "owner": "ggandor",
        "repo": "leap.nvim",
        "type": "github"
      }
    },
    "lldb-nix-fix": {
      "locked": {
        "lastModified": 1680536213,
        "narHash": "sha256-z8M162lOQ6A6PFQLwnUjvZhCl/7OdZEObmuD0Xp02aI=",
        "owner": "mstone",
        "repo": "nixpkgs",
        "rev": "fa70e7499b08524a4a02e7ce9e39847b9d3c95df",
        "type": "github"
      },
      "original": {
        "owner": "mstone",
        "ref": "darwin-fix-vscode-lldb",
        "repo": "nixpkgs",
        "type": "github"
      }
    },
    "lsp-config-src": {
      "flake": false,
      "locked": {
        "lastModified": 1681000593,
        "narHash": "sha256-5c4ppywLffiCcxgbxP/E5T3A3WEFqzHLV6/kl/lLeDk=",
        "owner": "neovim",
        "repo": "nvim-lspconfig",
        "rev": "27e9e1d2638ffd133b06f314a49ac55825cb1017",
        "type": "github"
      },
      "original": {
        "owner": "neovim",
        "repo": "nvim-lspconfig",
        "type": "github"
      }
    },
    "markid-src": {
      "flake": false,
      "locked": {
        "lastModified": 1668159037,
        "narHash": "sha256-yogKknoqTuL1HQKMR4MQlGziJDihfPJhi3zH4SyQ3wc=",
        "owner": "David-Kunz",
        "repo": "markid",
        "rev": "248a785900c29ee52ddf42aa096e9e3478739cb1",
        "type": "github"
      },
      "original": {
        "owner": "David-Kunz",
        "repo": "markid",
        "type": "github"
      }
    },
    "napalm": {
      "inputs": {
        "flake-utils": "flake-utils",
        "nixpkgs": "nixpkgs"
      },
      "locked": {
        "lastModified": 1672245824,
        "narHash": "sha256-i596lbPiA/Rfx3DiJiCluxdgxWY7oGSgYMT7OmM+zik=",
        "owner": "nix-community",
        "repo": "napalm",
        "rev": "7c25a05cef52dc405f4688422ce0046ca94aadcf",
        "type": "github"
      },
      "original": {
        "owner": "nix-community",
        "repo": "napalm",
        "type": "github"
      }
    },
    "neogen-src": {
      "flake": false,
      "locked": {
        "lastModified": 1679942785,
        "narHash": "sha256-k/PLgqNyhY5OCRpdcul/YBKLI8bs8Ukaj8y3C9YEjN4=",
        "owner": "danymat",
        "repo": "neogen",
        "rev": "9c17225aac94bdbf93baf16e1b2d2c6dcffb0901",
        "type": "github"
      },
      "original": {
        "owner": "danymat",
        "repo": "neogen",
        "type": "github"
      }
    },
    "neovim": {
      "inputs": {
        "flake-utils": "flake-utils_4",
        "nixpkgs": [
          "nixpkgs"
        ]
      },
      "locked": {
        "dir": "contrib",
        "lastModified": 1681066013,
        "narHash": "sha256-LBXuvPOXVYjLlTaZ2uzSdMTjahiI4U82cQK5qTWf2vY=",
        "owner": "neovim",
        "repo": "neovim",
        "rev": "41b7586cbb947b3215489fd7445b9bfb6e7008d2",
        "type": "github"
      },
      "original": {
        "dir": "contrib",
        "owner": "neovim",
        "repo": "neovim",
        "type": "github"
      }
    },
    "neural-src": {
      "flake": false,
      "locked": {
        "lastModified": 1679591412,
        "narHash": "sha256-PHBQYX94rnNEJtlb2KZlWd0eWchbS7wPT0Q0qLPF1oA=",
        "owner": "dense-analysis",
        "repo": "neural",
        "rev": "c70837e6fcee89bf99f9ba0e5ee7bfa7e0956a07",
        "type": "github"
      },
      "original": {
        "owner": "dense-analysis",
        "repo": "neural",
        "type": "github"
      }
    },
    "nil": {
      "inputs": {
        "flake-utils": "flake-utils_5",
        "nixpkgs": "nixpkgs_5",
        "rust-overlay": "rust-overlay"
      },
      "locked": {
        "lastModified": 1680544266,
        "narHash": "sha256-d/TusDXmIo8IT5DNRA21lN+nOVSER8atIx9TJteR6LQ=",
        "owner": "oxalica",
        "repo": "nil",
        "rev": "56a1fa87b98a9508920f4b0ab8fe36d5b54b2362",
        "type": "github"
      },
      "original": {
        "owner": "oxalica",
        "repo": "nil",
        "type": "github"
      }
    },
    "nix2vim": {
      "inputs": {
        "flake-utils": "flake-utils_6",
        "nixpkgs": [
          "nixpkgs"
        ]
      },
      "locked": {
        "lastModified": 1673891598,
        "narHash": "sha256-EevceKxQtA+I0XVA8tBGKmYV1V1KbWc3gsswysMzeDk=",
        "owner": "gytis-ivaskevicius",
        "repo": "nix2vim",
        "rev": "5b31eb81e2c6c74f9e8a4911660f3bf585d55158",
        "type": "github"
      },
      "original": {
        "owner": "gytis-ivaskevicius",
        "repo": "nix2vim",
        "type": "github"
      }
    },
    "nixpkgs": {
      "locked": {
        "lastModified": 1663087123,
        "narHash": "sha256-cNIRkF/J4mRxDtNYw+9/fBNq/NOA2nCuPOa3EdIyeDs=",
        "owner": "NixOS",
        "repo": "nixpkgs",
        "rev": "9608ace7009ce5bc3aeb940095e01553e635cbc7",
        "type": "github"
      },
      "original": {
        "owner": "NixOS",
        "ref": "nixos-unstable",
        "repo": "nixpkgs",
        "type": "github"
      }
    },
    "nixpkgs-lib": {
      "locked": {
        "dir": "lib",
        "lastModified": 1675183161,
        "narHash": "sha256-Zq8sNgAxDckpn7tJo7V1afRSk2eoVbu3OjI1QklGLNg=",
        "owner": "NixOS",
        "repo": "nixpkgs",
        "rev": "e1e1b192c1a5aab2960bf0a0bd53a2e8124fa18e",
        "type": "github"
      },
      "original": {
        "dir": "lib",
        "owner": "NixOS",
        "ref": "nixos-unstable",
        "repo": "nixpkgs",
        "type": "github"
      }
    },
    "nixpkgs-lib_2": {
      "locked": {
        "dir": "lib",
        "lastModified": 1675183161,
        "narHash": "sha256-Zq8sNgAxDckpn7tJo7V1afRSk2eoVbu3OjI1QklGLNg=",
        "owner": "NixOS",
        "repo": "nixpkgs",
        "rev": "e1e1b192c1a5aab2960bf0a0bd53a2e8124fa18e",
        "type": "github"
      },
      "original": {
        "dir": "lib",
        "owner": "NixOS",
        "ref": "nixos-unstable",
        "repo": "nixpkgs",
        "type": "github"
      }
    },
    "nixpkgs-stable": {
      "locked": {
        "lastModified": 1678872516,
        "narHash": "sha256-/E1YwtMtFAu2KUQKV/1+KFuReYPANM2Rzehk84VxVoc=",
        "owner": "NixOS",
        "repo": "nixpkgs",
        "rev": "9b8e5abb18324c7fe9f07cb100c3cd4a29cda8b8",
        "type": "github"
      },
      "original": {
        "owner": "NixOS",
        "ref": "nixos-22.11",
        "repo": "nixpkgs",
        "type": "github"
      }
    },
    "nixpkgs_2": {
      "locked": {
        "lastModified": 1675763311,
        "narHash": "sha256-bz0Q2H3mxsF1CUfk26Sl9Uzi8/HFjGFD/moZHz1HebU=",
        "owner": "NixOS",
        "repo": "nixpkgs",
        "rev": "fab09085df1b60d6a0870c8a89ce26d5a4a708c2",
        "type": "github"
      },
      "original": {
        "owner": "NixOS",
        "ref": "nixos-unstable",
        "repo": "nixpkgs",
        "type": "github"
      }
    },
    "nixpkgs_3": {
      "locked": {
        "lastModified": 1675545634,
        "narHash": "sha256-TbQeQcM5TA/wIho6xtzG+inUfiGzUXi8ewwttiQWYJE=",
        "owner": "nixos",
        "repo": "nixpkgs",
        "rev": "0591d6b57bfeb55dfeec99a671843337bc2c3323",
        "type": "github"
      },
      "original": {
        "owner": "nixos",
        "ref": "nixos-unstable",
        "repo": "nixpkgs",
        "type": "github"
      }
    },
    "nixpkgs_4": {
      "locked": {
        "lastModified": 1676150441,
        "narHash": "sha256-Nfeua9Ua/dGHOQpzOjLtkyMyW/ysQCvZJ9Dd74QQSNk=",
        "owner": "NixOS",
        "repo": "nixpkgs",
        "rev": "6d87734c880d704f6ee13e5c0fe835b98918c34e",
        "type": "github"
      },
      "original": {
        "owner": "NixOS",
        "ref": "nixpkgs-unstable",
        "repo": "nixpkgs",
        "type": "github"
      }
    },
    "nixpkgs_5": {
      "locked": {
        "lastModified": 1680487167,
        "narHash": "sha256-9FNIqrxDZgSliGGN2XJJSvcDYmQbgOANaZA4UWnTdg4=",
        "owner": "nixos",
        "repo": "nixpkgs",
        "rev": "53dad94e874c9586e71decf82d972dfb640ef044",
        "type": "github"
      },
      "original": {
        "owner": "nixos",
        "ref": "nixpkgs-unstable",
        "repo": "nixpkgs",
        "type": "github"
      }
    },
    "nixpkgs_6": {
      "locked": {
        "lastModified": 1680873626,
        "narHash": "sha256-ahLLzydOSrdgZzxBzugQL+kiN2Y9/dZ26Itf+ymss/k=",
        "owner": "GaetanLepage",
        "repo": "nixpkgs",
        "rev": "09f49769746a9ba87ea3985402615e0f90dc7ffb",
        "type": "github"
      },
      "original": {
        "owner": "GaetanLepage",
        "repo": "nixpkgs",
        "rev": "09f49769746a9ba87ea3985402615e0f90dc7ffb",
        "type": "github"
      }
    },
    "nixpkgs_7": {
      "locked": {
        "lastModified": 1675553537,
        "narHash": "sha256-Ll/rx3JnvK53tfeDEFVFlH8UOxtBCyKB3cipyVhRbII=",
        "owner": "nixos",
        "repo": "nixpkgs",
        "rev": "19ad2a2b84a99b8025ace91ba7b80d12d8ae71db",
        "type": "github"
      },
      "original": {
        "owner": "nixos",
        "ref": "nixpkgs-unstable",
        "repo": "nixpkgs",
        "type": "github"
      }
    },
    "nixpkgs_8": {
      "locked": {
        "lastModified": 1678898370,
        "narHash": "sha256-xTICr1j+uat5hk9FyuPOFGxpWHdJRibwZC+ATi0RbtE=",
        "owner": "NixOS",
        "repo": "nixpkgs",
        "rev": "ac718d02867a84b42522a0ece52d841188208f2c",
        "type": "github"
      },
      "original": {
        "owner": "NixOS",
        "ref": "nixos-unstable",
        "repo": "nixpkgs",
        "type": "github"
      }
    },
    "nixpkgs_9": {
      "locked": {
        "lastModified": 1665296151,
        "narHash": "sha256-uOB0oxqxN9K7XGF1hcnY+PQnlQJ+3bP2vCn/+Ru/bbc=",
        "owner": "NixOS",
        "repo": "nixpkgs",
        "rev": "14ccaaedd95a488dd7ae142757884d8e125b3363",
        "type": "github"
      },
      "original": {
        "owner": "NixOS",
        "ref": "nixpkgs-unstable",
        "repo": "nixpkgs",
        "type": "github"
      }
    },
    "node-type-nvim-src": {
      "flake": false,
      "locked": {
        "lastModified": 1676449371,
        "narHash": "sha256-hcpfx5U8BrUYX4yzdWyENCZm9DQnN/cmc/M5zdERbTY=",
        "owner": "roobert",
        "repo": "node-type.nvim",
        "rev": "e9feba6c01aca3ed0bb473f4c58a38ae4f771809",
        "type": "github"
      },
      "original": {
        "owner": "roobert",
        "repo": "node-type.nvim",
        "type": "github"
      }
    },
    "nui-nvim-src": {
      "flake": false,
      "locked": {
        "lastModified": 1680456408,
        "narHash": "sha256-Uv/AcgDtq/eMYwZvp+ypa3pN9W9uCYOrGn8j9Bq+ew8=",
        "owner": "muniftanjim",
        "repo": "nui.nvim",
        "rev": "1f43b13d133eb4b4f53a4485379d9afa58808389",
        "type": "github"
      },
      "original": {
        "owner": "muniftanjim",
        "repo": "nui.nvim",
        "type": "github"
      }
    },
    "nvim-async-src": {
      "flake": false,
      "locked": {
        "lastModified": 1681037971,
        "narHash": "sha256-TR8DbOJSZuIeqaOx6sMrs3mBc+yYnWyEzhbasQvvWzE=",
        "owner": "kevinhwang91",
        "repo": "promise-async",
        "rev": "e94f35161b8c5d4a4ca3b6ff93dd073eb9214c0e",
        "type": "github"
      },
      "original": {
        "owner": "kevinhwang91",
        "repo": "promise-async",
        "type": "github"
      }
    },
    "nvim-autopairs-src": {
      "flake": false,
      "locked": {
        "lastModified": 1681023386,
        "narHash": "sha256-Z9m+6qhxdUNe5zQga2q+GXjWmJQBgCL8PN2LPCP9t4I=",
        "owner": "windwp",
        "repo": "nvim-autopairs",
        "rev": "7470af886ffb3df32800e5ef9c072a6cd825770d",
        "type": "github"
      },
      "original": {
        "owner": "windwp",
        "repo": "nvim-autopairs",
        "type": "github"
      }
    },
    "nvim-cmp": {
      "flake": false,
      "locked": {
        "lastModified": 1679026924,
        "narHash": "sha256-CoHGIiZrhRAHZ/Er0JSQMapI7jwllNF5OysLlx2QEik=",
        "owner": "hrsh7th",
        "repo": "nvim-cmp",
        "rev": "777450fd0ae289463a14481673e26246b5e38bf2",
        "type": "github"
      },
      "original": {
        "owner": "hrsh7th",
        "repo": "nvim-cmp",
        "type": "github"
      }
    },
    "nvim-dap-src": {
      "flake": false,
      "locked": {
        "lastModified": 1680866544,
        "narHash": "sha256-7pPMW09KFZzLoDoV6NxAyQccwLSFL5GT6Hnlf3xjm0A=",
        "owner": "mfussenegger",
        "repo": "nvim-dap",
        "rev": "debd7c2f80eaf20c5f5df25db8d8c1b9b18f4421",
        "type": "github"
      },
      "original": {
        "owner": "mfussenegger",
        "repo": "nvim-dap",
        "type": "github"
      }
    },
    "nvim-dap-ui-src": {
      "flake": false,
      "locked": {
        "lastModified": 1681031165,
        "narHash": "sha256-kQi9nEKVLaYUJqx2Cohilf9/hPhy3Y7jIaguGHckpc0=",
        "owner": "rcarriga",
        "repo": "nvim-dap-ui",
        "rev": "286f682f366fbc652b38dff893569374e9433dd3",
        "type": "github"
      },
      "original": {
        "owner": "rcarriga",
        "repo": "nvim-dap-ui",
        "type": "github"
      }
    },
    "nvim-dap-virtual-text-src": {
      "flake": false,
      "locked": {
        "lastModified": 1680525606,
        "narHash": "sha256-JUnxQtnsUHiAdjr21udrvupmoP+uvDJqDIj+LJEKSBY=",
        "owner": "theHamsta",
        "repo": "nvim-dap-virtual-text",
        "rev": "9dc45a6eb33871f4c5cb2ba08fa307467657471e",
        "type": "github"
      },
      "original": {
        "owner": "theHamsta",
        "repo": "nvim-dap-virtual-text",
        "type": "github"
      }
    },
    "nvim-hs-source": {
      "flake": false,
      "locked": {
        "lastModified": 1675633002,
        "narHash": "sha256-+oloouRfR0vexob6z7U9t+pHqt2qCE810JiGKb3m6NQ=",
        "owner": "neovimhaskell",
        "repo": "nvim-hs",
        "rev": "eaf826d4156b0281ef7ce9dec35ba720b5c45f09",
        "type": "github"
      },
      "original": {
        "owner": "neovimhaskell",
        "repo": "nvim-hs",
        "rev": "eaf826d4156b0281ef7ce9dec35ba720b5c45f09",
        "type": "github"
      }
    },
    "nvim-trailblazer-src": {
      "flake": false,
      "locked": {
        "lastModified": 1680959225,
        "narHash": "sha256-9q8CmbUGmbKb7w4fzOS7XBSg8YM5WwqwvLUN2pVOAtI=",
        "owner": "LeonHeidelbach",
        "repo": "trailblazer.nvim",
        "rev": "674bb6254a376a234d0d243366224122fc064eab",
        "type": "github"
      },
      "original": {
        "owner": "LeonHeidelbach",
        "repo": "trailblazer.nvim",
        "type": "github"
      }
    },
    "nvim-treesitter-src": {
      "flake": false,
      "locked": {
        "lastModified": 1681053137,
        "narHash": "sha256-XsdXBXIJIygmLbur69JQ1HNUs16HpYPc64fMtt+Svwo=",
        "owner": "nvim-treesitter",
        "repo": "nvim-treesitter",
        "rev": "fa9fe9a95ba481e26e11eede4657f8c5350a0eaa",
        "type": "github"
      },
      "original": {
        "owner": "nvim-treesitter",
        "repo": "nvim-treesitter",
        "type": "github"
      }
    },
    "nvim-ufo-src": {
      "flake": false,
      "locked": {
        "lastModified": 1677830431,
        "narHash": "sha256-3tEC6JWqs32VrINH6YYrQzD6yDtiyTiMVPxWLSfOirs=",
        "owner": "kevinhwang91",
        "repo": "nvim-ufo",
        "rev": "9e829d5cfa3de6a2ff561d86399772b0339ae49d",
        "type": "github"
      },
      "original": {
        "owner": "kevinhwang91",
        "repo": "nvim-ufo",
        "type": "github"
      }
    },
    "plenary-nvim-src": {
      "flake": false,
      "locked": {
        "lastModified": 1681069563,
        "narHash": "sha256-MTfmvTGrdzP5cMJezllDYFE8bvlXH8Yh/lovWwZni/M=",
        "owner": "nvim-lua",
        "repo": "plenary.nvim",
        "rev": "0c31c398261567cda89b66ddffc69d39495f63ae",
        "type": "github"
      },
      "original": {
        "owner": "nvim-lua",
        "repo": "plenary.nvim",
        "type": "github"
      }
    },
    "pre-commit-nix": {
      "inputs": {
        "flake-compat": "flake-compat_3",
        "flake-utils": "flake-utils_7",
        "gitignore": "gitignore",
        "nixpkgs": "nixpkgs_8",
        "nixpkgs-stable": "nixpkgs-stable"
      },
      "locked": {
        "lastModified": 1680981441,
        "narHash": "sha256-Tqr2mCVssUVp1ZXXMpgYs9+ZonaWrZGPGltJz94FYi4=",
        "owner": "cachix",
        "repo": "pre-commit-hooks.nix",
        "rev": "2144d9ddcb550d6dce64a2b44facdc8c5ea2e28a",
        "type": "github"
      },
      "original": {
        "owner": "cachix",
        "repo": "pre-commit-hooks.nix",
        "type": "github"
      }
    },
    "quick-scope-src": {
      "flake": false,
      "locked": {
        "lastModified": 1678828585,
        "narHash": "sha256-CBOjzZW1tyVuagvAwultroRuQ4qJay5LyvuEMDtykLc=",
        "owner": "unblevable",
        "repo": "quick-scope",
        "rev": "a147fe0b180479249a6770eac332e2cd8f35b673",
        "type": "github"
      },
      "original": {
        "owner": "unblevable",
        "repo": "quick-scope",
        "type": "github"
      }
    },
    "root": {
      "inputs": {
        "blamer-nvim-src": "blamer-nvim-src",
        "chatgpt-nvim-src": "chatgpt-nvim-src",
        "cmp-buffer": "cmp-buffer",
        "cmp-dap-src": "cmp-dap-src",
        "cmp-nvim-lsp": "cmp-nvim-lsp",
        "codium-nvim-src": "codium-nvim-src",
        "colorizer-src": "colorizer-src",
        "comment-nvim-src": "comment-nvim-src",
        "conceal-src": "conceal-src",
        "conjure-src": "conjure-src",
        "coq-lsp": "coq-lsp",
        "cornelis": "cornelis",
        "dracula-nvim": "dracula-nvim",
        "fidget-src": "fidget-src",
        "flake-utils": "flake-utils_3",
        "floating-input-src": "floating-input-src",
        "guess-indent-src": "guess-indent-src",
        "leap-src": "leap-src",
        "lldb-nix-fix": "lldb-nix-fix",
        "lsp-config-src": "lsp-config-src",
        "markid-src": "markid-src",
        "neogen-src": "neogen-src",
        "neovim": "neovim",
        "neural-src": "neural-src",
        "nil": "nil",
        "nix2vim": "nix2vim",
        "nixpkgs": "nixpkgs_6",
        "node-type-nvim-src": "node-type-nvim-src",
        "nui-nvim-src": "nui-nvim-src",
        "nvim-async-src": "nvim-async-src",
        "nvim-autopairs-src": "nvim-autopairs-src",
        "nvim-cmp": "nvim-cmp",
        "nvim-dap-src": "nvim-dap-src",
        "nvim-dap-ui-src": "nvim-dap-ui-src",
        "nvim-dap-virtual-text-src": "nvim-dap-virtual-text-src",
        "nvim-trailblazer-src": "nvim-trailblazer-src",
        "nvim-treesitter-src": "nvim-treesitter-src",
        "nvim-ufo-src": "nvim-ufo-src",
        "plenary-nvim-src": "plenary-nvim-src",
        "quick-scope-src": "quick-scope-src",
        "rust-tools-src": "rust-tools-src",
        "sg-nvim-src": "sg-nvim-src",
        "significant-nvim-src": "significant-nvim-src",
        "telescope-dap-nvim-src": "telescope-dap-nvim-src",
        "telescope-dapzzzz-src": "telescope-dapzzzz-src",
        "telescope-src": "telescope-src",
        "telescope-ui-select-src": "telescope-ui-select-src",
        "terraform-ls-src": "terraform-ls-src",
        "ts-node-action-src": "ts-node-action-src",
        "vim-illuminate-src": "vim-illuminate-src",
        "which-key-src": "which-key-src",
        "wilder-nvim-src": "wilder-nvim-src"
      }
    },
    "rust-overlay": {
      "inputs": {
        "flake-utils": [
          "nil",
          "flake-utils"
        ],
        "nixpkgs": [
          "nil",
          "nixpkgs"
        ]
      },
      "locked": {
        "lastModified": 1680488274,
        "narHash": "sha256-0vYMrZDdokVmPQQXtFpnqA2wEgCCUXf5a3dDuDVshn0=",
        "owner": "oxalica",
        "repo": "rust-overlay",
        "rev": "7ec2ff598a172c6e8584457167575b3a1a5d80d8",
        "type": "github"
      },
      "original": {
        "owner": "oxalica",
        "repo": "rust-overlay",
        "type": "github"
      }
    },
    "rust-overlay_2": {
      "inputs": {
        "flake-utils": "flake-utils_8",
        "nixpkgs": "nixpkgs_9"
      },
      "locked": {
        "lastModified": 1675564291,
        "narHash": "sha256-mJ9ISIElFGCPYRDBYVv2AWPwYSsbTCEJg2E9n4ALxwc=",
        "owner": "oxalica",
        "repo": "rust-overlay",
        "rev": "3bf0a253c07b4ddea8a5f0fb805e2a412cc7c7d4",
        "type": "github"
      },
      "original": {
        "owner": "oxalica",
        "repo": "rust-overlay",
        "type": "github"
      }
    },
    "rust-tools-src": {
      "flake": false,
      "locked": {
        "lastModified": 1676929960,
        "narHash": "sha256-Cuk/vdoviB9ibt2rrkNRmNFy4S+6czhbExmIjTJRdZM=",
        "owner": "simrat39",
        "repo": "rust-tools.nvim",
        "rev": "71d2cf67b5ed120a0e31b2c8adb210dd2834242f",
        "type": "github"
      },
      "original": {
        "owner": "simrat39",
        "repo": "rust-tools.nvim",
        "type": "github"
      }
    },
    "sg-nvim-src": {
      "inputs": {
        "flake-parts": "flake-parts_2",
        "nixpkgs": "nixpkgs_7",
        "pre-commit-nix": "pre-commit-nix",
        "rust-overlay": "rust-overlay_2"
      },
      "locked": {
        "lastModified": 1680111010,
        "narHash": "sha256-VwfAz4Vpr/e1slgi4hFvqQQMUmE+fRPUoeWZaH2q3ZY=",
        "owner": "sourcegraph",
        "repo": "sg.nvim",
        "rev": "2748c52e9bef39702941d3171670810e9d2dcace",
        "type": "github"
      },
      "original": {
        "owner": "sourcegraph",
        "repo": "sg.nvim",
        "type": "github"
      }
    },
    "significant-nvim-src": {
      "flake": false,
      "locked": {
        "lastModified": 1664368712,
        "narHash": "sha256-YOYySTU6PhnMqnYVKjbO8vQfTCz04Z5gC1+3aHppbc0=",
        "owner": "elpiloto",
        "repo": "significant.nvim",
        "rev": "5450e9d5917dc6aa9afb0fcbe32355799b8303fb",
        "type": "github"
      },
      "original": {
        "owner": "elpiloto",
        "repo": "significant.nvim",
        "type": "github"
      }
    },
    "systems": {
      "locked": {
        "lastModified": 1681028828,
        "narHash": "sha256-Vy1rq5AaRuLzOxct8nz4T6wlgyUR7zLU309k9mBC768=",
        "owner": "nix-systems",
        "repo": "default",
        "rev": "da67096a3b9bf56a91d16901293e51ba5b49a27e",
        "type": "github"
      },
      "original": {
        "owner": "nix-systems",
        "repo": "default",
        "type": "github"
      }
    },
    "telescope-dap-nvim-src": {
      "flake": false,
      "locked": {
        "lastModified": 1669979517,
        "narHash": "sha256-9T7O02ieM/If07bSbGcJQFD8oWv2Pg5S+uv2BcardTY=",
        "owner": "nvim-telescope",
        "repo": "telescope-dap.nvim",
        "rev": "313d2ea12ae59a1ca51b62bf01fc941a983d9c9c",
        "type": "github"
      },
      "original": {
        "owner": "nvim-telescope",
        "repo": "telescope-dap.nvim",
        "type": "github"
      }
    },
    "telescope-dapzzzz-src": {
      "flake": false,
      "locked": {
        "lastModified": 1671089547,
        "narHash": "sha256-XD83M7P3eTmeABxEiDqO1MYRJ8zdBhfo82crKpGNXAo=",
        "owner": "HUAHUAI23",
        "repo": "telescope-dapzzzz",
        "rev": "d926a96c9143e79ce8c4f33a959c8574f9bd5bdb",
        "type": "github"
      },
      "original": {
        "owner": "HUAHUAI23",
        "repo": "telescope-dapzzzz",
        "type": "github"
      }
    },
    "telescope-src": {
      "flake": false,
      "locked": {
        "lastModified": 1681056553,
        "narHash": "sha256-w5o9fQ1ykpAuFCqWjbR8BF+/s4kKsu9AqwjNqyQ2f9c=",
        "owner": "nvim-telescope",
        "repo": "telescope.nvim",
        "rev": "7141515a7cabde46449675a403ed564416363887",
        "type": "github"
      },
      "original": {
        "owner": "nvim-telescope",
        "repo": "telescope.nvim",
        "type": "github"
      }
    },
    "telescope-ui-select-src": {
      "flake": false,
      "locked": {
        "lastModified": 1651305900,
        "narHash": "sha256-/JM2KX70JXa3sydrUj13Vd4rRwhn3VrdW7qLLHqIqyY=",
        "owner": "nvim-telescope",
        "repo": "telescope-ui-select.nvim",
        "rev": "62ea5e58c7bbe191297b983a9e7e89420f581369",
        "type": "github"
      },
      "original": {
        "owner": "nvim-telescope",
        "repo": "telescope-ui-select.nvim",
        "type": "github"
      }
    },
    "terraform-ls-src": {
      "flake": false,
      "locked": {
        "lastModified": 1680805402,
        "narHash": "sha256-CTO9TNYH0EeyepA9c86GD9Vs2gRJ95rAkc9njFkbcJ4=",
        "owner": "hashicorp",
        "repo": "terraform-ls",
        "rev": "8a95aa1adcd8af6faf40c40028e316390c649278",
        "type": "github"
      },
      "original": {
        "owner": "hashicorp",
        "repo": "terraform-ls",
        "type": "github"
      }
    },
    "treefmt": {
      "inputs": {
        "nixpkgs": "nixpkgs_3"
      },
      "locked": {
        "lastModified": 1675939481,
        "narHash": "sha256-LwwcWeyExA02GGn8QCQfZjft+blg101OXBQWglCqPVA=",
        "owner": "numtide",
        "repo": "treefmt-nix",
        "rev": "e9033eca3d7139fd499f310023ddc3bb5abff515",
        "type": "github"
      },
      "original": {
        "owner": "numtide",
        "repo": "treefmt-nix",
        "type": "github"
      }
    },
    "ts-node-action-src": {
      "flake": false,
      "locked": {
        "lastModified": 1681023018,
        "narHash": "sha256-WkkVyp4Zeefi5wvwUeNtAGxegD2zS8+CdiedZKwePYE=",
        "owner": "CKolkey",
        "repo": "ts-node-action",
        "rev": "578a9ce3c035908a47843c6b1394e1a5b81e594e",
        "type": "github"
      },
      "original": {
        "owner": "CKolkey",
        "repo": "ts-node-action",
        "type": "github"
      }
    },
    "vim-illuminate-src": {
      "flake": false,
      "locked": {
        "lastModified": 1679187974,
        "narHash": "sha256-8dL3cBjQ2iY4D4gTxKVVmOGhxcSSRuDBvmEwwFIbWsQ=",
        "owner": "RRethy",
        "repo": "vim-illuminate",
        "rev": "a2907275a6899c570d16e95b9db5fd921c167502",
        "type": "github"
      },
      "original": {
        "owner": "RRethy",
        "repo": "vim-illuminate",
        "type": "github"
      }
    },
    "which-key-src": {
      "flake": false,
      "locked": {
        "lastModified": 1651651877,
        "narHash": "sha256-UoV9H3oVJL1BPmuG+/eU4cG1s7thOrcrPyat9npBxm0=",
        "owner": "folke",
        "repo": "which-key.nvim",
        "rev": "bd4411a2ed4dd8bb69c125e339d837028a6eea71",
        "type": "github"
      },
      "original": {
        "owner": "folke",
        "ref": "bd4411a2ed4dd8bb69c125e339d837028a6eea71",
        "repo": "which-key.nvim",
        "type": "github"
      }
    },
    "wilder-nvim-src": {
      "flake": false,
      "locked": {
        "lastModified": 1660357399,
        "narHash": "sha256-jbLwoZLD6jL9QMIuUXiCbA4nP0Caw+iiHuCCGaxLZQU=",
        "owner": "gelguy",
        "repo": "wilder.nvim",
        "rev": "679f348dc90d80ff9ba0e7c470c40a4d038dcecf",
        "type": "github"
      },
      "original": {
        "owner": "gelguy",
        "repo": "wilder.nvim",
        "type": "github"
      }
    }
  },
  "root": "root",
  "version": 7
}
